// !$*UTF8*$!
{
	archiveVersion = 1;
	classes = {
	};
	objectVersion = 56;
	objects = {

/* Begin PBXBuildFile section */
		DF05EF792AC4171D000128A8 /* FeedImageCellController.swift in Sources */ = {isa = PBXBuildFile; fileRef = DF05EF782AC4171D000128A8 /* FeedImageCellController.swift */; };
		DF05EF7C2AC41A2D000128A8 /* FeedUIComposer.swift in Sources */ = {isa = PBXBuildFile; fileRef = DF05EF7B2AC41A2D000128A8 /* FeedUIComposer.swift */; };
		DF0D81BD2ABC1E8B00D1B853 /* ValidateFeedCacheUseCaseTests.swift in Sources */ = {isa = PBXBuildFile; fileRef = DF0D81BC2ABC1E8B00D1B853 /* ValidateFeedCacheUseCaseTests.swift */; };
		DF2380682ABAF6A600166912 /* CacheFeedUseCaseTests.swift in Sources */ = {isa = PBXBuildFile; fileRef = DF2380672ABAF6A600166912 /* CacheFeedUseCaseTests.swift */; };
		DF23806C2ABAF9CD00166912 /* XCTestCase+SharedHelpers.swift in Sources */ = {isa = PBXBuildFile; fileRef = DF23806B2ABAF9CD00166912 /* XCTestCase+SharedHelpers.swift */; };
		DF3B11302AC56F260032C20B /* WeakRefProxy.swift in Sources */ = {isa = PBXBuildFile; fileRef = DF3B112F2AC56F260032C20B /* WeakRefProxy.swift */; };
		DF3B11322AC56F7B0032C20B /* FeedImagePresentationAdapter.swift in Sources */ = {isa = PBXBuildFile; fileRef = DF3B11312AC56F7B0032C20B /* FeedImagePresentationAdapter.swift */; };
		DF3B11342AC56F990032C20B /* FeedLoaderPresentationAdapter.swift in Sources */ = {isa = PBXBuildFile; fileRef = DF3B11332AC56F990032C20B /* FeedLoaderPresentationAdapter.swift */; };
		DF3B11362AC56FB20032C20B /* FeedImageDataLoaderPresentationAdapter.swift in Sources */ = {isa = PBXBuildFile; fileRef = DF3B11352AC56FB20032C20B /* FeedImageDataLoaderPresentationAdapter.swift */; };
		DF3ED1F32ABB1F31000C9770 /* LocalFeedLoader.swift in Sources */ = {isa = PBXBuildFile; fileRef = DF3ED1F22ABB1F31000C9770 /* LocalFeedLoader.swift */; };
		DF3ED1F52ABB2601000C9770 /* FeedStore.swift in Sources */ = {isa = PBXBuildFile; fileRef = DF3ED1F42ABB2601000C9770 /* FeedStore.swift */; };
		DF3ED1F72ABB2809000C9770 /* LocalFeedImage.swift in Sources */ = {isa = PBXBuildFile; fileRef = DF3ED1F62ABB2809000C9770 /* LocalFeedImage.swift */; };
		DF3ED1F92ABB2847000C9770 /* RemoteFeedItem.swift in Sources */ = {isa = PBXBuildFile; fileRef = DF3ED1F82ABB2847000C9770 /* RemoteFeedItem.swift */; };
		DF3ED1FB2ABB2A8F000C9770 /* LoadFeedFromCacheUseCaseTests.swift in Sources */ = {isa = PBXBuildFile; fileRef = DF3ED1FA2ABB2A8F000C9770 /* LoadFeedFromCacheUseCaseTests.swift */; };
		DF3ED1FE2ABB2B47000C9770 /* FeedStoreSpy.swift in Sources */ = {isa = PBXBuildFile; fileRef = DF3ED1FD2ABB2B47000C9770 /* FeedStoreSpy.swift */; };
		DF4AD80E2AB22A59005F9AB9 /* RemoteFeedLoader.swift in Sources */ = {isa = PBXBuildFile; fileRef = DF4AD80D2AB22A59005F9AB9 /* RemoteFeedLoader.swift */; };
		DF4AD8102AB22A92005F9AB9 /* HTTPClient.swift in Sources */ = {isa = PBXBuildFile; fileRef = DF4AD80F2AB22A92005F9AB9 /* HTTPClient.swift */; };
		DF621A9A2ABC27AB00A309DC /* FeedCachePolicy.swift in Sources */ = {isa = PBXBuildFile; fileRef = DF621A992ABC27AB00A309DC /* FeedCachePolicy.swift */; };
		DF621A9E2ABD740300A309DC /* CodableFeedStoreTests.swift in Sources */ = {isa = PBXBuildFile; fileRef = DF621A9D2ABD740300A309DC /* CodableFeedStoreTests.swift */; };
		DF67D2C52ABACC8E002106FF /* URLSessionHTTPClient.swift in Sources */ = {isa = PBXBuildFile; fileRef = DF67D2C42ABACC8E002106FF /* URLSessionHTTPClient.swift */; };
		DF67D2CD2ABAD100002106FF /* EssentialFeedAPIEndToEndTests.swift in Sources */ = {isa = PBXBuildFile; fileRef = DF67D2CC2ABAD100002106FF /* EssentialFeedAPIEndToEndTests.swift */; };
		DF67D2CE2ABAD100002106FF /* EssentialFeed.framework in Frameworks */ = {isa = PBXBuildFile; fileRef = DFE60D152AB2155B0028E630 /* EssentialFeed.framework */; };
		DF6D2DF42ABAC74400A3250F /* FeedItemsMapper.swift in Sources */ = {isa = PBXBuildFile; fileRef = DF6D2DF32ABAC74400A3250F /* FeedItemsMapper.swift */; };
		DF7D698D2AC7C5CE003A35A5 /* Feed.storyboard in Resources */ = {isa = PBXBuildFile; fileRef = DF7D698C2AC7C5CE003A35A5 /* Feed.storyboard */; };
		DF7D698F2AC7CCDE003A35A5 /* Feed.xcassets in Resources */ = {isa = PBXBuildFile; fileRef = DF7D698E2AC7CCDD003A35A5 /* Feed.xcassets */; };
		DF7D69922AC7D145003A35A5 /* UIImage+Helpers.swift in Sources */ = {isa = PBXBuildFile; fileRef = DF7D69912AC7D145003A35A5 /* UIImage+Helpers.swift */; };
		DF7D69942AC7D15D003A35A5 /* UIAction+Helpers.swift in Sources */ = {isa = PBXBuildFile; fileRef = DF7D69932AC7D15D003A35A5 /* UIAction+Helpers.swift */; };
		DF7D69962AC7D17C003A35A5 /* FeedCell+XCTestHelpers.swift in Sources */ = {isa = PBXBuildFile; fileRef = DF7D69952AC7D17C003A35A5 /* FeedCell+XCTestHelpers.swift */; };
		DF7D69982AC7D19B003A35A5 /* FeedViewController+TestHelpers.swift in Sources */ = {isa = PBXBuildFile; fileRef = DF7D69972AC7D19B003A35A5 /* FeedViewController+TestHelpers.swift */; };
		DF7D699A2AC7D506003A35A5 /* UIImageView+Animations.swift in Sources */ = {isa = PBXBuildFile; fileRef = DF7D69992AC7D506003A35A5 /* UIImageView+Animations.swift */; };
		DF7D699C2AC7E235003A35A5 /* MainQueueDispatchingDecorator.swift in Sources */ = {isa = PBXBuildFile; fileRef = DF7D699B2AC7E235003A35A5 /* MainQueueDispatchingDecorator.swift */; };
		DF7D69AA2AC91071003A35A5 /* FeedPresenterTests.swift in Sources */ = {isa = PBXBuildFile; fileRef = DF7D69A92AC91071003A35A5 /* FeedPresenterTests.swift */; };
		DF7D69AC2AC913F2003A35A5 /* FeedPresenter.swift in Sources */ = {isa = PBXBuildFile; fileRef = DF3B112A2AC52E290032C20B /* FeedPresenter.swift */; };
		DF7D69AD2AC91408003A35A5 /* FeedLoadingViewModel.swift in Sources */ = {isa = PBXBuildFile; fileRef = DF7D69A22AC90F41003A35A5 /* FeedLoadingViewModel.swift */; };
		DF7D69AE2AC91408003A35A5 /* FeedViewModel.swift in Sources */ = {isa = PBXBuildFile; fileRef = DF7D69A42AC90F6F003A35A5 /* FeedViewModel.swift */; };
		DF7D69B02AC915C3003A35A5 /* FeedImagePresenterTests.swift in Sources */ = {isa = PBXBuildFile; fileRef = DF7D69AF2AC915C3003A35A5 /* FeedImagePresenterTests.swift */; };
		DF7D69B12AC91C73003A35A5 /* FeedImageViewModel.swift in Sources */ = {isa = PBXBuildFile; fileRef = DF7D69A62AC90F86003A35A5 /* FeedImageViewModel.swift */; };
		DF7D69B22AC91C73003A35A5 /* FeedImagePresenter.swift in Sources */ = {isa = PBXBuildFile; fileRef = DF3B112C2AC53AC20032C20B /* FeedImagePresenter.swift */; };
		DF7D69B32AC924BA003A35A5 /* ImageLoader.swift in Sources */ = {isa = PBXBuildFile; fileRef = DF05EF712AC41253000128A8 /* ImageLoader.swift */; };
		DF7D69B62AC9BE84003A35A5 /* LoadImageDataFromRemoteUseCaseTests.swift in Sources */ = {isa = PBXBuildFile; fileRef = DF7D69B42AC9BE62003A35A5 /* LoadImageDataFromRemoteUseCaseTests.swift */; };
		DF7D69B82AC9C7A5003A35A5 /* HTTPClientSpy.swift in Sources */ = {isa = PBXBuildFile; fileRef = DF7D69B72AC9C7A5003A35A5 /* HTTPClientSpy.swift */; };
		DF7D69BA2AC9C7F1003A35A5 /* RemoteImageDataLoader.swift in Sources */ = {isa = PBXBuildFile; fileRef = DF7D69B92AC9C7F1003A35A5 /* RemoteImageDataLoader.swift */; };
		DF7D69BC2AC9C8DB003A35A5 /* CoreDataFeedStoreTests.swift in Sources */ = {isa = PBXBuildFile; fileRef = DF7D69BB2AC9C8DB003A35A5 /* CoreDataFeedStoreTests.swift */; };
		DF7D69BF2AC9C986003A35A5 /* CoreDataFeedStore.swift in Sources */ = {isa = PBXBuildFile; fileRef = DF7D69BE2AC9C986003A35A5 /* CoreDataFeedStore.swift */; };
		DF7D69C22AC9C9A1003A35A5 /* FeedStore.xcdatamodeld in Sources */ = {isa = PBXBuildFile; fileRef = DF7D69C02AC9C9A1003A35A5 /* FeedStore.xcdatamodeld */; };
		DF7D69C82AC9CAAD003A35A5 /* ManagedFeed.swift in Sources */ = {isa = PBXBuildFile; fileRef = DF7D69C42AC9CAAD003A35A5 /* ManagedFeed.swift */; };
		DF7D69CA2AC9CAAD003A35A5 /* ManagedImage.swift in Sources */ = {isa = PBXBuildFile; fileRef = DF7D69C62AC9CAAD003A35A5 /* ManagedImage.swift */; };
		DF7D6A0D2ACB2783003A35A5 /* CoreData+Helpers.swift in Sources */ = {isa = PBXBuildFile; fileRef = DF7D6A0C2ACB2783003A35A5 /* CoreData+Helpers.swift */; };
		DF7D6A102ACB27EA003A35A5 /* LoadImageDataFromLocalTests.swift in Sources */ = {isa = PBXBuildFile; fileRef = DF7D6A0F2ACB27EA003A35A5 /* LoadImageDataFromLocalTests.swift */; };
		DFAAB3E12ABB2E72009866BF /* XCTestCase+Factories.swift in Sources */ = {isa = PBXBuildFile; fileRef = DFAAB3E02ABB2E72009866BF /* XCTestCase+Factories.swift */; };
		DFBE39DB2ABDD09100B31516 /* CodableFeedStore.swift in Sources */ = {isa = PBXBuildFile; fileRef = DFBE39DA2ABDD09100B31516 /* CodableFeedStore.swift */; };
		DFBE39DD2ABF09D200B31516 /* FeedStoreSpecs.swift in Sources */ = {isa = PBXBuildFile; fileRef = DFBE39DC2ABF09D200B31516 /* FeedStoreSpecs.swift */; };
		DFBE39E12AC16FF200B31516 /* XCTestCase+FeedStoreSpecs.swift in Sources */ = {isa = PBXBuildFile; fileRef = DFBE39E02AC16FF200B31516 /* XCTestCase+FeedStoreSpecs.swift */; };
		DFBE39E32AC1701300B31516 /* XCTestCase+FailableRetrieveFeedStoreSpecs.swift in Sources */ = {isa = PBXBuildFile; fileRef = DFBE39E22AC1701300B31516 /* XCTestCase+FailableRetrieveFeedStoreSpecs.swift */; };
		DFBE39E52AC1703F00B31516 /* XCTestCase+FailableInsertFeedStoreSpecs.swift in Sources */ = {isa = PBXBuildFile; fileRef = DFBE39E42AC1703F00B31516 /* XCTestCase+FailableInsertFeedStoreSpecs.swift */; };
		DFBE39E72AC1705D00B31516 /* XCTestCase+FailableDeleteFeedStoreSpecs.swift in Sources */ = {isa = PBXBuildFile; fileRef = DFBE39E62AC1705D00B31516 /* XCTestCase+FailableDeleteFeedStoreSpecs.swift */; };
		DFBE3A102AC174B300B31516 /* EssentialFeedCacheIntegrationTests.swift in Sources */ = {isa = PBXBuildFile; fileRef = DFBE3A0F2AC174B300B31516 /* EssentialFeedCacheIntegrationTests.swift */; };
		DFBE3A112AC174B300B31516 /* EssentialFeed.framework in Frameworks */ = {isa = PBXBuildFile; fileRef = DFE60D152AB2155B0028E630 /* EssentialFeed.framework */; };
		DFBE3A172AC174E900B31516 /* XCTestCase+SharedHelpers.swift in Sources */ = {isa = PBXBuildFile; fileRef = DF23806B2ABAF9CD00166912 /* XCTestCase+SharedHelpers.swift */; };
		DFBE3A182AC174EA00B31516 /* XCTestCase+SharedHelpers.swift in Sources */ = {isa = PBXBuildFile; fileRef = DF23806B2ABAF9CD00166912 /* XCTestCase+SharedHelpers.swift */; };
		DFBE3A1A2AC1771F00B31516 /* XCTestCase+Factories.swift in Sources */ = {isa = PBXBuildFile; fileRef = DFAAB3E02ABB2E72009866BF /* XCTestCase+Factories.swift */; };
		DFBE3A6C2AC2C7E000B31516 /* EssentialFeediOS.framework in Frameworks */ = {isa = PBXBuildFile; fileRef = DFBE3A642AC2C7DF00B31516 /* EssentialFeediOS.framework */; };
		DFBE3A792AC2C7E800B31516 /* FeedUIIntegrationTests.swift in Sources */ = {isa = PBXBuildFile; fileRef = DFBE3A5B2AC2BE0500B31516 /* FeedUIIntegrationTests.swift */; };
		DFBE3A7A2AC2C80600B31516 /* EssentialFeed.framework in Frameworks */ = {isa = PBXBuildFile; fileRef = DFE60D152AB2155B0028E630 /* EssentialFeed.framework */; };
		DFBE3A7B2AC2C80600B31516 /* EssentialFeed.framework in Embed Frameworks */ = {isa = PBXBuildFile; fileRef = DFE60D152AB2155B0028E630 /* EssentialFeed.framework */; settings = {ATTRIBUTES = (CodeSignOnCopy, RemoveHeadersOnCopy, ); }; };
		DFBE3A7F2AC2C81600B31516 /* XCTestCase+SharedHelpers.swift in Sources */ = {isa = PBXBuildFile; fileRef = DF23806B2ABAF9CD00166912 /* XCTestCase+SharedHelpers.swift */; };
		DFBE3A812AC2C82600B31516 /* FeedViewController.swift in Sources */ = {isa = PBXBuildFile; fileRef = DFBE3A802AC2C82600B31516 /* FeedViewController.swift */; };
		DFBE3A832AC2CAB600B31516 /* FeedCell.swift in Sources */ = {isa = PBXBuildFile; fileRef = DFBE3A822AC2CAB600B31516 /* FeedCell.swift */; };
		DFBE3A852AC2D6A800B31516 /* UIView+Shimmering.swift in Sources */ = {isa = PBXBuildFile; fileRef = DFBE3A842AC2D6A800B31516 /* UIView+Shimmering.swift */; };
		DFE60D1E2AB2155C0028E630 /* EssentialFeed.framework in Frameworks */ = {isa = PBXBuildFile; fileRef = DFE60D152AB2155B0028E630 /* EssentialFeed.framework */; };
		DFE60D2E2AB215710028E630 /* FeedImage.swift in Sources */ = {isa = PBXBuildFile; fileRef = DFE60D2D2AB215710028E630 /* FeedImage.swift */; };
		DFE60D302AB215C40028E630 /* FeedLoader.swift in Sources */ = {isa = PBXBuildFile; fileRef = DFE60D2F2AB215C40028E630 /* FeedLoader.swift */; };
		DFE60D332AB2197E0028E630 /* LoadFeedFromRemoteUseCaseTests.swift in Sources */ = {isa = PBXBuildFile; fileRef = DFE60D322AB2197E0028E630 /* LoadFeedFromRemoteUseCaseTests.swift */; };
/* End PBXBuildFile section */

/* Begin PBXContainerItemProxy section */
		DF67D2CF2ABAD100002106FF /* PBXContainerItemProxy */ = {
			isa = PBXContainerItemProxy;
			containerPortal = DFE60D0C2AB2155B0028E630 /* Project object */;
			proxyType = 1;
			remoteGlobalIDString = DFE60D142AB2155B0028E630;
			remoteInfo = EssentialFeed;
		};
		DFBE3A122AC174B300B31516 /* PBXContainerItemProxy */ = {
			isa = PBXContainerItemProxy;
			containerPortal = DFE60D0C2AB2155B0028E630 /* Project object */;
			proxyType = 1;
			remoteGlobalIDString = DFE60D142AB2155B0028E630;
			remoteInfo = EssentialFeed;
		};
		DFBE3A6D2AC2C7E000B31516 /* PBXContainerItemProxy */ = {
			isa = PBXContainerItemProxy;
			containerPortal = DFE60D0C2AB2155B0028E630 /* Project object */;
			proxyType = 1;
			remoteGlobalIDString = DFBE3A632AC2C7DF00B31516;
			remoteInfo = EssentialFeediOS;
		};
		DFBE3A7C2AC2C80600B31516 /* PBXContainerItemProxy */ = {
			isa = PBXContainerItemProxy;
			containerPortal = DFE60D0C2AB2155B0028E630 /* Project object */;
			proxyType = 1;
			remoteGlobalIDString = DFE60D142AB2155B0028E630;
			remoteInfo = EssentialFeed;
		};
		DFE60D1F2AB2155C0028E630 /* PBXContainerItemProxy */ = {
			isa = PBXContainerItemProxy;
			containerPortal = DFE60D0C2AB2155B0028E630 /* Project object */;
			proxyType = 1;
			remoteGlobalIDString = DFE60D142AB2155B0028E630;
			remoteInfo = EssentialFeed;
		};
/* End PBXContainerItemProxy section */

/* Begin PBXCopyFilesBuildPhase section */
		DFBE3A7E2AC2C80600B31516 /* Embed Frameworks */ = {
			isa = PBXCopyFilesBuildPhase;
			buildActionMask = 2147483647;
			dstPath = "";
			dstSubfolderSpec = 10;
			files = (
				DFBE3A7B2AC2C80600B31516 /* EssentialFeed.framework in Embed Frameworks */,
			);
			name = "Embed Frameworks";
			runOnlyForDeploymentPostprocessing = 0;
		};
/* End PBXCopyFilesBuildPhase section */

/* Begin PBXFileReference section */
		DF05EF712AC41253000128A8 /* ImageLoader.swift */ = {isa = PBXFileReference; lastKnownFileType = sourcecode.swift; path = ImageLoader.swift; sourceTree = "<group>"; };
		DF05EF782AC4171D000128A8 /* FeedImageCellController.swift */ = {isa = PBXFileReference; lastKnownFileType = sourcecode.swift; path = FeedImageCellController.swift; sourceTree = "<group>"; };
		DF05EF7B2AC41A2D000128A8 /* FeedUIComposer.swift */ = {isa = PBXFileReference; lastKnownFileType = sourcecode.swift; path = FeedUIComposer.swift; sourceTree = "<group>"; };
		DF0D81BC2ABC1E8B00D1B853 /* ValidateFeedCacheUseCaseTests.swift */ = {isa = PBXFileReference; lastKnownFileType = sourcecode.swift; path = ValidateFeedCacheUseCaseTests.swift; sourceTree = "<group>"; };
		DF2380672ABAF6A600166912 /* CacheFeedUseCaseTests.swift */ = {isa = PBXFileReference; lastKnownFileType = sourcecode.swift; name = CacheFeedUseCaseTests.swift; path = "EssentialFeedTests/Feed Cache/Feed/CacheFeedUseCaseTests.swift"; sourceTree = SOURCE_ROOT; };
		DF23806B2ABAF9CD00166912 /* XCTestCase+SharedHelpers.swift */ = {isa = PBXFileReference; lastKnownFileType = sourcecode.swift; path = "XCTestCase+SharedHelpers.swift"; sourceTree = "<group>"; };
		DF3B112A2AC52E290032C20B /* FeedPresenter.swift */ = {isa = PBXFileReference; lastKnownFileType = sourcecode.swift; path = FeedPresenter.swift; sourceTree = "<group>"; };
		DF3B112C2AC53AC20032C20B /* FeedImagePresenter.swift */ = {isa = PBXFileReference; lastKnownFileType = sourcecode.swift; path = FeedImagePresenter.swift; sourceTree = "<group>"; };
		DF3B112F2AC56F260032C20B /* WeakRefProxy.swift */ = {isa = PBXFileReference; lastKnownFileType = sourcecode.swift; path = WeakRefProxy.swift; sourceTree = "<group>"; };
		DF3B11312AC56F7B0032C20B /* FeedImagePresentationAdapter.swift */ = {isa = PBXFileReference; lastKnownFileType = sourcecode.swift; path = FeedImagePresentationAdapter.swift; sourceTree = "<group>"; };
		DF3B11332AC56F990032C20B /* FeedLoaderPresentationAdapter.swift */ = {isa = PBXFileReference; lastKnownFileType = sourcecode.swift; path = FeedLoaderPresentationAdapter.swift; sourceTree = "<group>"; };
		DF3B11352AC56FB20032C20B /* FeedImageDataLoaderPresentationAdapter.swift */ = {isa = PBXFileReference; lastKnownFileType = sourcecode.swift; path = FeedImageDataLoaderPresentationAdapter.swift; sourceTree = "<group>"; };
		DF3ED1F22ABB1F31000C9770 /* LocalFeedLoader.swift */ = {isa = PBXFileReference; lastKnownFileType = sourcecode.swift; path = LocalFeedLoader.swift; sourceTree = "<group>"; };
		DF3ED1F42ABB2601000C9770 /* FeedStore.swift */ = {isa = PBXFileReference; lastKnownFileType = sourcecode.swift; path = FeedStore.swift; sourceTree = "<group>"; };
		DF3ED1F62ABB2809000C9770 /* LocalFeedImage.swift */ = {isa = PBXFileReference; lastKnownFileType = sourcecode.swift; path = LocalFeedImage.swift; sourceTree = "<group>"; };
		DF3ED1F82ABB2847000C9770 /* RemoteFeedItem.swift */ = {isa = PBXFileReference; lastKnownFileType = sourcecode.swift; path = RemoteFeedItem.swift; sourceTree = "<group>"; };
		DF3ED1FA2ABB2A8F000C9770 /* LoadFeedFromCacheUseCaseTests.swift */ = {isa = PBXFileReference; lastKnownFileType = sourcecode.swift; path = LoadFeedFromCacheUseCaseTests.swift; sourceTree = "<group>"; };
		DF3ED1FD2ABB2B47000C9770 /* FeedStoreSpy.swift */ = {isa = PBXFileReference; lastKnownFileType = sourcecode.swift; path = FeedStoreSpy.swift; sourceTree = "<group>"; };
		DF4AD80D2AB22A59005F9AB9 /* RemoteFeedLoader.swift */ = {isa = PBXFileReference; lastKnownFileType = sourcecode.swift; path = RemoteFeedLoader.swift; sourceTree = "<group>"; };
		DF4AD80F2AB22A92005F9AB9 /* HTTPClient.swift */ = {isa = PBXFileReference; lastKnownFileType = sourcecode.swift; path = HTTPClient.swift; sourceTree = "<group>"; };
		DF621A992ABC27AB00A309DC /* FeedCachePolicy.swift */ = {isa = PBXFileReference; lastKnownFileType = sourcecode.swift; path = FeedCachePolicy.swift; sourceTree = "<group>"; };
		DF621A9D2ABD740300A309DC /* CodableFeedStoreTests.swift */ = {isa = PBXFileReference; lastKnownFileType = sourcecode.swift; path = CodableFeedStoreTests.swift; sourceTree = "<group>"; };
		DF67D2C42ABACC8E002106FF /* URLSessionHTTPClient.swift */ = {isa = PBXFileReference; lastKnownFileType = sourcecode.swift; path = URLSessionHTTPClient.swift; sourceTree = "<group>"; };
		DF67D2CA2ABAD100002106FF /* EssentialFeedAPIEndToEndTests.xctest */ = {isa = PBXFileReference; explicitFileType = wrapper.cfbundle; includeInIndex = 0; path = EssentialFeedAPIEndToEndTests.xctest; sourceTree = BUILT_PRODUCTS_DIR; };
		DF67D2CC2ABAD100002106FF /* EssentialFeedAPIEndToEndTests.swift */ = {isa = PBXFileReference; lastKnownFileType = sourcecode.swift; path = EssentialFeedAPIEndToEndTests.swift; sourceTree = "<group>"; };
		DF67D2D42ABAD2B2002106FF /* CI.xctestplan */ = {isa = PBXFileReference; lastKnownFileType = text; path = CI.xctestplan; sourceTree = "<group>"; };
		DF6D2DF32ABAC74400A3250F /* FeedItemsMapper.swift */ = {isa = PBXFileReference; lastKnownFileType = sourcecode.swift; path = FeedItemsMapper.swift; sourceTree = "<group>"; };
		DF7D698B2AC7C54A003A35A5 /* EssentialFeediOS.xctestplan */ = {isa = PBXFileReference; lastKnownFileType = text; path = EssentialFeediOS.xctestplan; sourceTree = "<group>"; };
		DF7D698C2AC7C5CE003A35A5 /* Feed.storyboard */ = {isa = PBXFileReference; lastKnownFileType = file.storyboard; path = Feed.storyboard; sourceTree = "<group>"; };
		DF7D698E2AC7CCDD003A35A5 /* Feed.xcassets */ = {isa = PBXFileReference; lastKnownFileType = folder.assetcatalog; path = Feed.xcassets; sourceTree = "<group>"; };
		DF7D69912AC7D145003A35A5 /* UIImage+Helpers.swift */ = {isa = PBXFileReference; lastKnownFileType = sourcecode.swift; path = "UIImage+Helpers.swift"; sourceTree = "<group>"; };
		DF7D69932AC7D15D003A35A5 /* UIAction+Helpers.swift */ = {isa = PBXFileReference; lastKnownFileType = sourcecode.swift; path = "UIAction+Helpers.swift"; sourceTree = "<group>"; };
		DF7D69952AC7D17C003A35A5 /* FeedCell+XCTestHelpers.swift */ = {isa = PBXFileReference; lastKnownFileType = sourcecode.swift; path = "FeedCell+XCTestHelpers.swift"; sourceTree = "<group>"; };
		DF7D69972AC7D19B003A35A5 /* FeedViewController+TestHelpers.swift */ = {isa = PBXFileReference; lastKnownFileType = sourcecode.swift; path = "FeedViewController+TestHelpers.swift"; sourceTree = "<group>"; };
		DF7D69992AC7D506003A35A5 /* UIImageView+Animations.swift */ = {isa = PBXFileReference; lastKnownFileType = sourcecode.swift; path = "UIImageView+Animations.swift"; sourceTree = "<group>"; };
		DF7D699B2AC7E235003A35A5 /* MainQueueDispatchingDecorator.swift */ = {isa = PBXFileReference; lastKnownFileType = sourcecode.swift; path = MainQueueDispatchingDecorator.swift; sourceTree = "<group>"; };
		DF7D69A22AC90F41003A35A5 /* FeedLoadingViewModel.swift */ = {isa = PBXFileReference; lastKnownFileType = sourcecode.swift; path = FeedLoadingViewModel.swift; sourceTree = "<group>"; };
		DF7D69A42AC90F6F003A35A5 /* FeedViewModel.swift */ = {isa = PBXFileReference; lastKnownFileType = sourcecode.swift; path = FeedViewModel.swift; sourceTree = "<group>"; };
		DF7D69A62AC90F86003A35A5 /* FeedImageViewModel.swift */ = {isa = PBXFileReference; lastKnownFileType = sourcecode.swift; path = FeedImageViewModel.swift; sourceTree = "<group>"; };
		DF7D69A92AC91071003A35A5 /* FeedPresenterTests.swift */ = {isa = PBXFileReference; lastKnownFileType = sourcecode.swift; path = FeedPresenterTests.swift; sourceTree = "<group>"; };
		DF7D69AF2AC915C3003A35A5 /* FeedImagePresenterTests.swift */ = {isa = PBXFileReference; lastKnownFileType = sourcecode.swift; path = FeedImagePresenterTests.swift; sourceTree = "<group>"; };
		DF7D69B42AC9BE62003A35A5 /* LoadImageDataFromRemoteUseCaseTests.swift */ = {isa = PBXFileReference; lastKnownFileType = sourcecode.swift; path = LoadImageDataFromRemoteUseCaseTests.swift; sourceTree = "<group>"; };
		DF7D69B72AC9C7A5003A35A5 /* HTTPClientSpy.swift */ = {isa = PBXFileReference; lastKnownFileType = sourcecode.swift; path = HTTPClientSpy.swift; sourceTree = "<group>"; };
		DF7D69B92AC9C7F1003A35A5 /* RemoteImageDataLoader.swift */ = {isa = PBXFileReference; lastKnownFileType = sourcecode.swift; path = RemoteImageDataLoader.swift; sourceTree = "<group>"; };
		DF7D69BB2AC9C8DB003A35A5 /* CoreDataFeedStoreTests.swift */ = {isa = PBXFileReference; lastKnownFileType = sourcecode.swift; path = CoreDataFeedStoreTests.swift; sourceTree = "<group>"; };
		DF7D69BE2AC9C986003A35A5 /* CoreDataFeedStore.swift */ = {isa = PBXFileReference; lastKnownFileType = sourcecode.swift; path = CoreDataFeedStore.swift; sourceTree = "<group>"; };
		DF7D69C12AC9C9A1003A35A5 /* FeedStore.xcdatamodel */ = {isa = PBXFileReference; lastKnownFileType = wrapper.xcdatamodel; path = FeedStore.xcdatamodel; sourceTree = "<group>"; };
		DF7D69C42AC9CAAD003A35A5 /* ManagedFeed.swift */ = {isa = PBXFileReference; lastKnownFileType = sourcecode.swift; path = ManagedFeed.swift; sourceTree = "<group>"; };
		DF7D69C62AC9CAAD003A35A5 /* ManagedImage.swift */ = {isa = PBXFileReference; lastKnownFileType = sourcecode.swift; path = ManagedImage.swift; sourceTree = "<group>"; };
		DF7D6A0C2ACB2783003A35A5 /* CoreData+Helpers.swift */ = {isa = PBXFileReference; lastKnownFileType = sourcecode.swift; path = "CoreData+Helpers.swift"; sourceTree = "<group>"; };
		DF7D6A0F2ACB27EA003A35A5 /* LoadImageDataFromLocalTests.swift */ = {isa = PBXFileReference; lastKnownFileType = sourcecode.swift; path = LoadImageDataFromLocalTests.swift; sourceTree = "<group>"; };
		DFAAB3E02ABB2E72009866BF /* XCTestCase+Factories.swift */ = {isa = PBXFileReference; lastKnownFileType = sourcecode.swift; path = "XCTestCase+Factories.swift"; sourceTree = "<group>"; };
		DFBE39DA2ABDD09100B31516 /* CodableFeedStore.swift */ = {isa = PBXFileReference; lastKnownFileType = sourcecode.swift; path = CodableFeedStore.swift; sourceTree = "<group>"; };
		DFBE39DC2ABF09D200B31516 /* FeedStoreSpecs.swift */ = {isa = PBXFileReference; lastKnownFileType = sourcecode.swift; path = FeedStoreSpecs.swift; sourceTree = "<group>"; };
		DFBE39E02AC16FF200B31516 /* XCTestCase+FeedStoreSpecs.swift */ = {isa = PBXFileReference; lastKnownFileType = sourcecode.swift; path = "XCTestCase+FeedStoreSpecs.swift"; sourceTree = "<group>"; };
		DFBE39E22AC1701300B31516 /* XCTestCase+FailableRetrieveFeedStoreSpecs.swift */ = {isa = PBXFileReference; lastKnownFileType = sourcecode.swift; path = "XCTestCase+FailableRetrieveFeedStoreSpecs.swift"; sourceTree = "<group>"; };
		DFBE39E42AC1703F00B31516 /* XCTestCase+FailableInsertFeedStoreSpecs.swift */ = {isa = PBXFileReference; lastKnownFileType = sourcecode.swift; path = "XCTestCase+FailableInsertFeedStoreSpecs.swift"; sourceTree = "<group>"; };
		DFBE39E62AC1705D00B31516 /* XCTestCase+FailableDeleteFeedStoreSpecs.swift */ = {isa = PBXFileReference; lastKnownFileType = sourcecode.swift; path = "XCTestCase+FailableDeleteFeedStoreSpecs.swift"; sourceTree = "<group>"; };
		DFBE3A0D2AC174B300B31516 /* EssentialFeedCacheIntegrationTests.xctest */ = {isa = PBXFileReference; explicitFileType = wrapper.cfbundle; includeInIndex = 0; path = EssentialFeedCacheIntegrationTests.xctest; sourceTree = BUILT_PRODUCTS_DIR; };
		DFBE3A0F2AC174B300B31516 /* EssentialFeedCacheIntegrationTests.swift */ = {isa = PBXFileReference; lastKnownFileType = sourcecode.swift; path = EssentialFeedCacheIntegrationTests.swift; sourceTree = "<group>"; };
		DFBE3A192AC175DA00B31516 /* EssentialFeedCacheIntegrationTests.xctestplan */ = {isa = PBXFileReference; lastKnownFileType = text; path = EssentialFeedCacheIntegrationTests.xctestplan; sourceTree = SOURCE_ROOT; };
		DFBE3A5B2AC2BE0500B31516 /* FeedUIIntegrationTests.swift */ = {isa = PBXFileReference; lastKnownFileType = sourcecode.swift; path = FeedUIIntegrationTests.swift; sourceTree = "<group>"; };
		DFBE3A5D2AC2BEAE00B31516 /* EssentialFeediOSTests.xctestplan */ = {isa = PBXFileReference; lastKnownFileType = text; path = EssentialFeediOSTests.xctestplan; sourceTree = "<group>"; };
		DFBE3A642AC2C7DF00B31516 /* EssentialFeediOS.framework */ = {isa = PBXFileReference; explicitFileType = wrapper.framework; includeInIndex = 0; path = EssentialFeediOS.framework; sourceTree = BUILT_PRODUCTS_DIR; };
		DFBE3A6B2AC2C7E000B31516 /* EssentialFeediOSTests.xctest */ = {isa = PBXFileReference; explicitFileType = wrapper.cfbundle; includeInIndex = 0; path = EssentialFeediOSTests.xctest; sourceTree = BUILT_PRODUCTS_DIR; };
		DFBE3A802AC2C82600B31516 /* FeedViewController.swift */ = {isa = PBXFileReference; lastKnownFileType = sourcecode.swift; path = FeedViewController.swift; sourceTree = "<group>"; };
		DFBE3A822AC2CAB600B31516 /* FeedCell.swift */ = {isa = PBXFileReference; lastKnownFileType = sourcecode.swift; path = FeedCell.swift; sourceTree = "<group>"; };
		DFBE3A842AC2D6A800B31516 /* UIView+Shimmering.swift */ = {isa = PBXFileReference; lastKnownFileType = sourcecode.swift; path = "UIView+Shimmering.swift"; sourceTree = "<group>"; };
		DFE60D152AB2155B0028E630 /* EssentialFeed.framework */ = {isa = PBXFileReference; explicitFileType = wrapper.framework; includeInIndex = 0; path = EssentialFeed.framework; sourceTree = BUILT_PRODUCTS_DIR; };
		DFE60D1D2AB2155C0028E630 /* EssentialFeedTests.xctest */ = {isa = PBXFileReference; explicitFileType = wrapper.cfbundle; includeInIndex = 0; path = EssentialFeedTests.xctest; sourceTree = BUILT_PRODUCTS_DIR; };
		DFE60D2D2AB215710028E630 /* FeedImage.swift */ = {isa = PBXFileReference; lastKnownFileType = sourcecode.swift; path = FeedImage.swift; sourceTree = "<group>"; };
		DFE60D2F2AB215C40028E630 /* FeedLoader.swift */ = {isa = PBXFileReference; lastKnownFileType = sourcecode.swift; path = FeedLoader.swift; sourceTree = "<group>"; };
		DFE60D322AB2197E0028E630 /* LoadFeedFromRemoteUseCaseTests.swift */ = {isa = PBXFileReference; lastKnownFileType = sourcecode.swift; path = LoadFeedFromRemoteUseCaseTests.swift; sourceTree = "<group>"; };
		DFE60D342AB223230028E630 /* EssentialFeed.xctestplan */ = {isa = PBXFileReference; lastKnownFileType = text; path = EssentialFeed.xctestplan; sourceTree = "<group>"; };
/* End PBXFileReference section */

/* Begin PBXFrameworksBuildPhase section */
		DF67D2C72ABAD100002106FF /* Frameworks */ = {
			isa = PBXFrameworksBuildPhase;
			buildActionMask = 2147483647;
			files = (
				DF67D2CE2ABAD100002106FF /* EssentialFeed.framework in Frameworks */,
			);
			runOnlyForDeploymentPostprocessing = 0;
		};
		DFBE3A0A2AC174B300B31516 /* Frameworks */ = {
			isa = PBXFrameworksBuildPhase;
			buildActionMask = 2147483647;
			files = (
				DFBE3A112AC174B300B31516 /* EssentialFeed.framework in Frameworks */,
			);
			runOnlyForDeploymentPostprocessing = 0;
		};
		DFBE3A612AC2C7DF00B31516 /* Frameworks */ = {
			isa = PBXFrameworksBuildPhase;
			buildActionMask = 2147483647;
			files = (
				DFBE3A7A2AC2C80600B31516 /* EssentialFeed.framework in Frameworks */,
			);
			runOnlyForDeploymentPostprocessing = 0;
		};
		DFBE3A682AC2C7E000B31516 /* Frameworks */ = {
			isa = PBXFrameworksBuildPhase;
			buildActionMask = 2147483647;
			files = (
				DFBE3A6C2AC2C7E000B31516 /* EssentialFeediOS.framework in Frameworks */,
			);
			runOnlyForDeploymentPostprocessing = 0;
		};
		DFE60D122AB2155B0028E630 /* Frameworks */ = {
			isa = PBXFrameworksBuildPhase;
			buildActionMask = 2147483647;
			files = (
			);
			runOnlyForDeploymentPostprocessing = 0;
		};
		DFE60D1A2AB2155C0028E630 /* Frameworks */ = {
			isa = PBXFrameworksBuildPhase;
			buildActionMask = 2147483647;
			files = (
				DFE60D1E2AB2155C0028E630 /* EssentialFeed.framework in Frameworks */,
			);
			runOnlyForDeploymentPostprocessing = 0;
		};
/* End PBXFrameworksBuildPhase section */

/* Begin PBXGroup section */
		DF05EF732AC4126E000128A8 /* Feed UI */ = {
			isa = PBXGroup;
			children = (
				DF05EF7A2AC41A24000128A8 /* Composers */,
				DF3B11292AC52D480032C20B /* Feed Presentation */,
				DF05EF742AC41277000128A8 /* Controllers */,
				DF05EF752AC4127D000128A8 /* Views */,
			);
			path = "Feed UI";
			sourceTree = "<group>";
		};
		DF05EF742AC41277000128A8 /* Controllers */ = {
			isa = PBXGroup;
			children = (
				DFBE3A802AC2C82600B31516 /* FeedViewController.swift */,
				DF7D698C2AC7C5CE003A35A5 /* Feed.storyboard */,
				DF05EF782AC4171D000128A8 /* FeedImageCellController.swift */,
				DF7D698E2AC7CCDD003A35A5 /* Feed.xcassets */,
				DF7D69992AC7D506003A35A5 /* UIImageView+Animations.swift */,
			);
			path = Controllers;
			sourceTree = "<group>";
		};
		DF05EF752AC4127D000128A8 /* Views */ = {
			isa = PBXGroup;
			children = (
				DFBE3A842AC2D6A800B31516 /* UIView+Shimmering.swift */,
				DFBE3A822AC2CAB600B31516 /* FeedCell.swift */,
			);
			path = Views;
			sourceTree = "<group>";
		};
		DF05EF7A2AC41A24000128A8 /* Composers */ = {
			isa = PBXGroup;
			children = (
				DF3B112E2AC56F220032C20B /* Helpers */,
				DF05EF7B2AC41A2D000128A8 /* FeedUIComposer.swift */,
				DF3B11312AC56F7B0032C20B /* FeedImagePresentationAdapter.swift */,
				DF3B11332AC56F990032C20B /* FeedLoaderPresentationAdapter.swift */,
				DF3B11352AC56FB20032C20B /* FeedImageDataLoaderPresentationAdapter.swift */,
				DF7D699B2AC7E235003A35A5 /* MainQueueDispatchingDecorator.swift */,
			);
			path = Composers;
			sourceTree = "<group>";
		};
		DF2380642ABAF45D00166912 /* Feed API */ = {
			isa = PBXGroup;
			children = (
				DF3ED1F82ABB2847000C9770 /* RemoteFeedItem.swift */,
				DF6D2DF32ABAC74400A3250F /* FeedItemsMapper.swift */,
				DF4AD80F2AB22A92005F9AB9 /* HTTPClient.swift */,
				DF4AD80D2AB22A59005F9AB9 /* RemoteFeedLoader.swift */,
				DF67D2C42ABACC8E002106FF /* URLSessionHTTPClient.swift */,
				DF7D69B92AC9C7F1003A35A5 /* RemoteImageDataLoader.swift */,
			);
			path = "Feed API";
			sourceTree = "<group>";
		};
		DF2380652ABAF46D00166912 /* Feed API */ = {
			isa = PBXGroup;
			children = (
				DF7D69B72AC9C7A5003A35A5 /* HTTPClientSpy.swift */,
				DF7D69B42AC9BE62003A35A5 /* LoadImageDataFromRemoteUseCaseTests.swift */,
				DFE60D322AB2197E0028E630 /* LoadFeedFromRemoteUseCaseTests.swift */,
			);
			path = "Feed API";
			sourceTree = "<group>";
		};
		DF2380662ABAF66700166912 /* Feed Cache */ = {
			isa = PBXGroup;
			children = (
				DF0D81BC2ABC1E8B00D1B853 /* ValidateFeedCacheUseCaseTests.swift */,
				DF7D6A112ACB3031003A35A5 /* Feed */,
				DF7D6A122ACB3044003A35A5 /* Image Feed */,
				DFBE39DE2AC16FCA00B31516 /* FeedStoreSpecs */,
				DF3ED1FC2ABB2B3D000C9770 /* Helpers */,
			);
			path = "Feed Cache";
			sourceTree = "<group>";
		};
		DF2380692ABAF9AD00166912 /* Helpers */ = {
			isa = PBXGroup;
			children = (
				DF23806B2ABAF9CD00166912 /* XCTestCase+SharedHelpers.swift */,
			);
			path = Helpers;
			sourceTree = "<group>";
		};
		DF3B11292AC52D480032C20B /* Feed Presentation */ = {
			isa = PBXGroup;
			children = (
			);
			path = "Feed Presentation";
			sourceTree = "<group>";
		};
		DF3B112E2AC56F220032C20B /* Helpers */ = {
			isa = PBXGroup;
			children = (
				DF3B112F2AC56F260032C20B /* WeakRefProxy.swift */,
			);
			path = Helpers;
			sourceTree = "<group>";
		};
		DF3ED1F12ABB1F28000C9770 /* Feed Cache */ = {
			isa = PBXGroup;
			children = (
				DF7D69BD2AC9C97D003A35A5 /* Core Data */,
				DFBE3A1B2AC1791F00B31516 /* Codable */,
				DF3ED1F22ABB1F31000C9770 /* LocalFeedLoader.swift */,
				DF3ED1F42ABB2601000C9770 /* FeedStore.swift */,
				DF3ED1F62ABB2809000C9770 /* LocalFeedImage.swift */,
				DF621A992ABC27AB00A309DC /* FeedCachePolicy.swift */,
			);
			path = "Feed Cache";
			sourceTree = "<group>";
		};
		DF3ED1FC2ABB2B3D000C9770 /* Helpers */ = {
			isa = PBXGroup;
			children = (
				DFAAB3E02ABB2E72009866BF /* XCTestCase+Factories.swift */,
				DF3ED1FD2ABB2B47000C9770 /* FeedStoreSpy.swift */,
			);
			path = Helpers;
			sourceTree = "<group>";
		};
		DF67D2CB2ABAD100002106FF /* EssentialFeedAPIEndToEndTests */ = {
			isa = PBXGroup;
			children = (
				DF67D2CC2ABAD100002106FF /* EssentialFeedAPIEndToEndTests.swift */,
			);
			path = EssentialFeedAPIEndToEndTests;
			sourceTree = "<group>";
		};
		DF7D69902AC7D13A003A35A5 /* Helpers */ = {
			isa = PBXGroup;
			children = (
				DF7D69912AC7D145003A35A5 /* UIImage+Helpers.swift */,
				DF7D69932AC7D15D003A35A5 /* UIAction+Helpers.swift */,
				DF7D69952AC7D17C003A35A5 /* FeedCell+XCTestHelpers.swift */,
				DF7D69972AC7D19B003A35A5 /* FeedViewController+TestHelpers.swift */,
			);
			path = Helpers;
			sourceTree = "<group>";
		};
		DF7D69A82AC91058003A35A5 /* Feed Presentation */ = {
			isa = PBXGroup;
			children = (
				DF7D69A92AC91071003A35A5 /* FeedPresenterTests.swift */,
				DF7D69AF2AC915C3003A35A5 /* FeedImagePresenterTests.swift */,
			);
			path = "Feed Presentation";
			sourceTree = "<group>";
		};
		DF7D69AB2AC913DC003A35A5 /* Feed Presentation */ = {
			isa = PBXGroup;
			children = (
				DF3B112C2AC53AC20032C20B /* FeedImagePresenter.swift */,
				DF7D69A62AC90F86003A35A5 /* FeedImageViewModel.swift */,
				DF3B112A2AC52E290032C20B /* FeedPresenter.swift */,
				DF7D69A22AC90F41003A35A5 /* FeedLoadingViewModel.swift */,
				DF7D69A42AC90F6F003A35A5 /* FeedViewModel.swift */,
			);
			path = "Feed Presentation";
			sourceTree = "<group>";
		};
		DF7D69BD2AC9C97D003A35A5 /* Core Data */ = {
			isa = PBXGroup;
			children = (
				DF7D6A0E2ACB2785003A35A5 /* Helpers */,
				DF7D69C02AC9C9A1003A35A5 /* FeedStore.xcdatamodeld */,
				DF7D69C42AC9CAAD003A35A5 /* ManagedFeed.swift */,
				DF7D69C62AC9CAAD003A35A5 /* ManagedImage.swift */,
				DF7D69BE2AC9C986003A35A5 /* CoreDataFeedStore.swift */,
			);
			path = "Core Data";
			sourceTree = "<group>";
		};
		DF7D6A0E2ACB2785003A35A5 /* Helpers */ = {
			isa = PBXGroup;
			children = (
				DF7D6A0C2ACB2783003A35A5 /* CoreData+Helpers.swift */,
			);
			path = Helpers;
			sourceTree = "<group>";
		};
		DF7D6A112ACB3031003A35A5 /* Feed */ = {
			isa = PBXGroup;
			children = (
				DF3ED1FA2ABB2A8F000C9770 /* LoadFeedFromCacheUseCaseTests.swift */,
				DF2380672ABAF6A600166912 /* CacheFeedUseCaseTests.swift */,
				DF621A9D2ABD740300A309DC /* CodableFeedStoreTests.swift */,
				DF7D69BB2AC9C8DB003A35A5 /* CoreDataFeedStoreTests.swift */,
			);
			path = Feed;
			sourceTree = "<group>";
		};
		DF7D6A122ACB3044003A35A5 /* Image Feed */ = {
			isa = PBXGroup;
			children = (
				DF7D6A0F2ACB27EA003A35A5 /* LoadImageDataFromLocalTests.swift */,
			);
			path = "Image Feed";
			sourceTree = "<group>";
		};
		DFBE39DE2AC16FCA00B31516 /* FeedStoreSpecs */ = {
			isa = PBXGroup;
			children = (
				DFBE39DC2ABF09D200B31516 /* FeedStoreSpecs.swift */,
				DFBE39E02AC16FF200B31516 /* XCTestCase+FeedStoreSpecs.swift */,
				DFBE39E22AC1701300B31516 /* XCTestCase+FailableRetrieveFeedStoreSpecs.swift */,
				DFBE39E42AC1703F00B31516 /* XCTestCase+FailableInsertFeedStoreSpecs.swift */,
				DFBE39E62AC1705D00B31516 /* XCTestCase+FailableDeleteFeedStoreSpecs.swift */,
			);
			path = FeedStoreSpecs;
			sourceTree = "<group>";
		};
		DFBE3A052AC172FC00B31516 /* Frameworks */ = {
			isa = PBXGroup;
			children = (
			);
			name = Frameworks;
			sourceTree = "<group>";
		};
		DFBE3A0E2AC174B300B31516 /* EssentialFeedCacheIntegrationTests */ = {
			isa = PBXGroup;
			children = (
				DFBE3A0F2AC174B300B31516 /* EssentialFeedCacheIntegrationTests.swift */,
				DFBE3A192AC175DA00B31516 /* EssentialFeedCacheIntegrationTests.xctestplan */,
			);
			path = EssentialFeedCacheIntegrationTests;
			sourceTree = "<group>";
		};
		DFBE3A1B2AC1791F00B31516 /* Codable */ = {
			isa = PBXGroup;
			children = (
				DFBE39DA2ABDD09100B31516 /* CodableFeedStore.swift */,
			);
			path = Codable;
			sourceTree = "<group>";
		};
		DFBE3A652AC2C7DF00B31516 /* EssentialFeediOS */ = {
			isa = PBXGroup;
			children = (
				DF05EF732AC4126E000128A8 /* Feed UI */,
			);
			path = EssentialFeediOS;
			sourceTree = "<group>";
		};
		DFBE3A6F2AC2C7E000B31516 /* EssentialFeediOSTests */ = {
			isa = PBXGroup;
			children = (
				DF7D69902AC7D13A003A35A5 /* Helpers */,
				DFBE3A5B2AC2BE0500B31516 /* FeedUIIntegrationTests.swift */,
			);
			path = EssentialFeediOSTests;
			sourceTree = "<group>";
		};
		DFE60D0B2AB2155B0028E630 = {
			isa = PBXGroup;
			children = (
				DF7D698B2AC7C54A003A35A5 /* EssentialFeediOS.xctestplan */,
				DFBE3A5D2AC2BEAE00B31516 /* EssentialFeediOSTests.xctestplan */,
				DF67D2D42ABAD2B2002106FF /* CI.xctestplan */,
				DFE60D342AB223230028E630 /* EssentialFeed.xctestplan */,
				DFE60D172AB2155B0028E630 /* EssentialFeed */,
				DFE60D212AB2155C0028E630 /* EssentialFeedTests */,
				DF67D2CB2ABAD100002106FF /* EssentialFeedAPIEndToEndTests */,
				DFBE3A0E2AC174B300B31516 /* EssentialFeedCacheIntegrationTests */,
				DFBE3A652AC2C7DF00B31516 /* EssentialFeediOS */,
				DFBE3A6F2AC2C7E000B31516 /* EssentialFeediOSTests */,
				DFE60D162AB2155B0028E630 /* Products */,
				DFBE3A052AC172FC00B31516 /* Frameworks */,
			);
			sourceTree = "<group>";
		};
		DFE60D162AB2155B0028E630 /* Products */ = {
			isa = PBXGroup;
			children = (
				DFE60D152AB2155B0028E630 /* EssentialFeed.framework */,
				DFE60D1D2AB2155C0028E630 /* EssentialFeedTests.xctest */,
				DF67D2CA2ABAD100002106FF /* EssentialFeedAPIEndToEndTests.xctest */,
				DFBE3A0D2AC174B300B31516 /* EssentialFeedCacheIntegrationTests.xctest */,
				DFBE3A642AC2C7DF00B31516 /* EssentialFeediOS.framework */,
				DFBE3A6B2AC2C7E000B31516 /* EssentialFeediOSTests.xctest */,
			);
			name = Products;
			sourceTree = "<group>";
		};
		DFE60D172AB2155B0028E630 /* EssentialFeed */ = {
			isa = PBXGroup;
			children = (
				DFE60D312AB2163B0028E630 /* Feed Feature */,
				DF3ED1F12ABB1F28000C9770 /* Feed Cache */,
				DF2380642ABAF45D00166912 /* Feed API */,
				DF7D69AB2AC913DC003A35A5 /* Feed Presentation */,
			);
			path = EssentialFeed;
			sourceTree = "<group>";
		};
		DFE60D212AB2155C0028E630 /* EssentialFeedTests */ = {
			isa = PBXGroup;
			children = (
				DF2380692ABAF9AD00166912 /* Helpers */,
				DF2380662ABAF66700166912 /* Feed Cache */,
				DF2380652ABAF46D00166912 /* Feed API */,
				DF7D69A82AC91058003A35A5 /* Feed Presentation */,
			);
			path = EssentialFeedTests;
			sourceTree = "<group>";
		};
		DFE60D312AB2163B0028E630 /* Feed Feature */ = {
			isa = PBXGroup;
			children = (
				DF05EF712AC41253000128A8 /* ImageLoader.swift */,
				DFE60D2D2AB215710028E630 /* FeedImage.swift */,
				DFE60D2F2AB215C40028E630 /* FeedLoader.swift */,
			);
			path = "Feed Feature";
			sourceTree = "<group>";
		};
/* End PBXGroup section */

/* Begin PBXHeadersBuildPhase section */
		DFBE3A5F2AC2C7DF00B31516 /* Headers */ = {
			isa = PBXHeadersBuildPhase;
			buildActionMask = 2147483647;
			files = (
			);
			runOnlyForDeploymentPostprocessing = 0;
		};
		DFE60D102AB2155B0028E630 /* Headers */ = {
			isa = PBXHeadersBuildPhase;
			buildActionMask = 2147483647;
			files = (
			);
			runOnlyForDeploymentPostprocessing = 0;
		};
/* End PBXHeadersBuildPhase section */

/* Begin PBXNativeTarget section */
		DF67D2C92ABAD100002106FF /* EssentialFeedAPIEndToEndTests */ = {
			isa = PBXNativeTarget;
			buildConfigurationList = DF67D2D12ABAD100002106FF /* Build configuration list for PBXNativeTarget "EssentialFeedAPIEndToEndTests" */;
			buildPhases = (
				DF67D2C62ABAD100002106FF /* Sources */,
				DF67D2C72ABAD100002106FF /* Frameworks */,
				DF67D2C82ABAD100002106FF /* Resources */,
			);
			buildRules = (
			);
			dependencies = (
				DF67D2D02ABAD100002106FF /* PBXTargetDependency */,
			);
			name = EssentialFeedAPIEndToEndTests;
			productName = EssentialFeedAPIEndToEndTests;
			productReference = DF67D2CA2ABAD100002106FF /* EssentialFeedAPIEndToEndTests.xctest */;
			productType = "com.apple.product-type.bundle.unit-test";
		};
		DFBE3A0C2AC174B300B31516 /* EssentialFeedCacheIntegrationTests */ = {
			isa = PBXNativeTarget;
			buildConfigurationList = DFBE3A142AC174B300B31516 /* Build configuration list for PBXNativeTarget "EssentialFeedCacheIntegrationTests" */;
			buildPhases = (
				DFBE3A092AC174B300B31516 /* Sources */,
				DFBE3A0A2AC174B300B31516 /* Frameworks */,
				DFBE3A0B2AC174B300B31516 /* Resources */,
			);
			buildRules = (
			);
			dependencies = (
				DFBE3A132AC174B300B31516 /* PBXTargetDependency */,
			);
			name = EssentialFeedCacheIntegrationTests;
			productName = EssentialFeedCacheIntegrationTests;
			productReference = DFBE3A0D2AC174B300B31516 /* EssentialFeedCacheIntegrationTests.xctest */;
			productType = "com.apple.product-type.bundle.unit-test";
		};
		DFBE3A632AC2C7DF00B31516 /* EssentialFeediOS */ = {
			isa = PBXNativeTarget;
			buildConfigurationList = DFBE3A732AC2C7E000B31516 /* Build configuration list for PBXNativeTarget "EssentialFeediOS" */;
			buildPhases = (
				DFBE3A5F2AC2C7DF00B31516 /* Headers */,
				DFBE3A602AC2C7DF00B31516 /* Sources */,
				DFBE3A612AC2C7DF00B31516 /* Frameworks */,
				DFBE3A622AC2C7DF00B31516 /* Resources */,
				DFBE3A7E2AC2C80600B31516 /* Embed Frameworks */,
			);
			buildRules = (
			);
			dependencies = (
				DFBE3A7D2AC2C80600B31516 /* PBXTargetDependency */,
			);
			name = EssentialFeediOS;
			productName = EssentialFeediOS;
			productReference = DFBE3A642AC2C7DF00B31516 /* EssentialFeediOS.framework */;
			productType = "com.apple.product-type.framework";
		};
		DFBE3A6A2AC2C7E000B31516 /* EssentialFeediOSTests */ = {
			isa = PBXNativeTarget;
			buildConfigurationList = DFBE3A762AC2C7E000B31516 /* Build configuration list for PBXNativeTarget "EssentialFeediOSTests" */;
			buildPhases = (
				DFBE3A672AC2C7E000B31516 /* Sources */,
				DFBE3A682AC2C7E000B31516 /* Frameworks */,
				DFBE3A692AC2C7E000B31516 /* Resources */,
			);
			buildRules = (
			);
			dependencies = (
				DFBE3A6E2AC2C7E000B31516 /* PBXTargetDependency */,
			);
			name = EssentialFeediOSTests;
			productName = EssentialFeediOSTests;
			productReference = DFBE3A6B2AC2C7E000B31516 /* EssentialFeediOSTests.xctest */;
			productType = "com.apple.product-type.bundle.unit-test";
		};
		DFE60D142AB2155B0028E630 /* EssentialFeed */ = {
			isa = PBXNativeTarget;
			buildConfigurationList = DFE60D272AB2155C0028E630 /* Build configuration list for PBXNativeTarget "EssentialFeed" */;
			buildPhases = (
				DFE60D102AB2155B0028E630 /* Headers */,
				DFE60D112AB2155B0028E630 /* Sources */,
				DFE60D122AB2155B0028E630 /* Frameworks */,
				DFE60D132AB2155B0028E630 /* Resources */,
			);
			buildRules = (
			);
			dependencies = (
			);
			name = EssentialFeed;
			productName = EssentialFeed;
			productReference = DFE60D152AB2155B0028E630 /* EssentialFeed.framework */;
			productType = "com.apple.product-type.framework";
		};
		DFE60D1C2AB2155C0028E630 /* EssentialFeedTests */ = {
			isa = PBXNativeTarget;
			buildConfigurationList = DFE60D2A2AB2155C0028E630 /* Build configuration list for PBXNativeTarget "EssentialFeedTests" */;
			buildPhases = (
				DFE60D192AB2155C0028E630 /* Sources */,
				DFE60D1A2AB2155C0028E630 /* Frameworks */,
				DFE60D1B2AB2155C0028E630 /* Resources */,
			);
			buildRules = (
			);
			dependencies = (
				DFE60D202AB2155C0028E630 /* PBXTargetDependency */,
			);
			name = EssentialFeedTests;
			productName = EssentialFeedTests;
			productReference = DFE60D1D2AB2155C0028E630 /* EssentialFeedTests.xctest */;
			productType = "com.apple.product-type.bundle.unit-test";
		};
/* End PBXNativeTarget section */

/* Begin PBXProject section */
		DFE60D0C2AB2155B0028E630 /* Project object */ = {
			isa = PBXProject;
			attributes = {
				BuildIndependentTargetsInParallel = 1;
				LastSwiftUpdateCheck = 1430;
				LastUpgradeCheck = 1500;
				TargetAttributes = {
					DF67D2C92ABAD100002106FF = {
						CreatedOnToolsVersion = 14.3.1;
					};
					DFBE3A0C2AC174B300B31516 = {
						CreatedOnToolsVersion = 14.3.1;
					};
					DFBE3A632AC2C7DF00B31516 = {
						CreatedOnToolsVersion = 14.3.1;
						LastSwiftMigration = 1430;
					};
					DFBE3A6A2AC2C7E000B31516 = {
						CreatedOnToolsVersion = 14.3.1;
					};
					DFE60D142AB2155B0028E630 = {
						CreatedOnToolsVersion = 14.3.1;
						LastSwiftMigration = 1430;
					};
					DFE60D1C2AB2155C0028E630 = {
						CreatedOnToolsVersion = 14.3.1;
						LastSwiftMigration = 1430;
					};
				};
			};
			buildConfigurationList = DFE60D0F2AB2155B0028E630 /* Build configuration list for PBXProject "EssentialFeed" */;
			compatibilityVersion = "Xcode 14.0";
			developmentRegion = en;
			hasScannedForEncodings = 0;
			knownRegions = (
				en,
				Base,
			);
			mainGroup = DFE60D0B2AB2155B0028E630;
			productRefGroup = DFE60D162AB2155B0028E630 /* Products */;
			projectDirPath = "";
			projectRoot = "";
			targets = (
				DFE60D142AB2155B0028E630 /* EssentialFeed */,
				DFE60D1C2AB2155C0028E630 /* EssentialFeedTests */,
				DF67D2C92ABAD100002106FF /* EssentialFeedAPIEndToEndTests */,
				DFBE3A0C2AC174B300B31516 /* EssentialFeedCacheIntegrationTests */,
				DFBE3A632AC2C7DF00B31516 /* EssentialFeediOS */,
				DFBE3A6A2AC2C7E000B31516 /* EssentialFeediOSTests */,
			);
		};
/* End PBXProject section */

/* Begin PBXResourcesBuildPhase section */
		DF67D2C82ABAD100002106FF /* Resources */ = {
			isa = PBXResourcesBuildPhase;
			buildActionMask = 2147483647;
			files = (
			);
			runOnlyForDeploymentPostprocessing = 0;
		};
		DFBE3A0B2AC174B300B31516 /* Resources */ = {
			isa = PBXResourcesBuildPhase;
			buildActionMask = 2147483647;
			files = (
			);
			runOnlyForDeploymentPostprocessing = 0;
		};
		DFBE3A622AC2C7DF00B31516 /* Resources */ = {
			isa = PBXResourcesBuildPhase;
			buildActionMask = 2147483647;
			files = (
				DF7D698D2AC7C5CE003A35A5 /* Feed.storyboard in Resources */,
				DF7D698F2AC7CCDE003A35A5 /* Feed.xcassets in Resources */,
			);
			runOnlyForDeploymentPostprocessing = 0;
		};
		DFBE3A692AC2C7E000B31516 /* Resources */ = {
			isa = PBXResourcesBuildPhase;
			buildActionMask = 2147483647;
			files = (
			);
			runOnlyForDeploymentPostprocessing = 0;
		};
		DFE60D132AB2155B0028E630 /* Resources */ = {
			isa = PBXResourcesBuildPhase;
			buildActionMask = 2147483647;
			files = (
			);
			runOnlyForDeploymentPostprocessing = 0;
		};
		DFE60D1B2AB2155C0028E630 /* Resources */ = {
			isa = PBXResourcesBuildPhase;
			buildActionMask = 2147483647;
			files = (
			);
			runOnlyForDeploymentPostprocessing = 0;
		};
/* End PBXResourcesBuildPhase section */

/* Begin PBXSourcesBuildPhase section */
		DF67D2C62ABAD100002106FF /* Sources */ = {
			isa = PBXSourcesBuildPhase;
			buildActionMask = 2147483647;
			files = (
				DF67D2CD2ABAD100002106FF /* EssentialFeedAPIEndToEndTests.swift in Sources */,
				DFBE3A172AC174E900B31516 /* XCTestCase+SharedHelpers.swift in Sources */,
			);
			runOnlyForDeploymentPostprocessing = 0;
		};
		DFBE3A092AC174B300B31516 /* Sources */ = {
			isa = PBXSourcesBuildPhase;
			buildActionMask = 2147483647;
			files = (
				DFBE3A102AC174B300B31516 /* EssentialFeedCacheIntegrationTests.swift in Sources */,
				DFBE3A1A2AC1771F00B31516 /* XCTestCase+Factories.swift in Sources */,
				DFBE3A182AC174EA00B31516 /* XCTestCase+SharedHelpers.swift in Sources */,
			);
			runOnlyForDeploymentPostprocessing = 0;
		};
		DFBE3A602AC2C7DF00B31516 /* Sources */ = {
			isa = PBXSourcesBuildPhase;
			buildActionMask = 2147483647;
			files = (
				DFBE3A852AC2D6A800B31516 /* UIView+Shimmering.swift in Sources */,
				DF3B11362AC56FB20032C20B /* FeedImageDataLoaderPresentationAdapter.swift in Sources */,
				DF3B11302AC56F260032C20B /* WeakRefProxy.swift in Sources */,
				DF7D699C2AC7E235003A35A5 /* MainQueueDispatchingDecorator.swift in Sources */,
				DFBE3A812AC2C82600B31516 /* FeedViewController.swift in Sources */,
				DF3B11342AC56F990032C20B /* FeedLoaderPresentationAdapter.swift in Sources */,
				DF7D699A2AC7D506003A35A5 /* UIImageView+Animations.swift in Sources */,
				DFBE3A832AC2CAB600B31516 /* FeedCell.swift in Sources */,
				DF3B11322AC56F7B0032C20B /* FeedImagePresentationAdapter.swift in Sources */,
				DF05EF792AC4171D000128A8 /* FeedImageCellController.swift in Sources */,
				DF05EF7C2AC41A2D000128A8 /* FeedUIComposer.swift in Sources */,
			);
			runOnlyForDeploymentPostprocessing = 0;
		};
		DFBE3A672AC2C7E000B31516 /* Sources */ = {
			isa = PBXSourcesBuildPhase;
			buildActionMask = 2147483647;
			files = (
				DF7D69922AC7D145003A35A5 /* UIImage+Helpers.swift in Sources */,
				DFBE3A792AC2C7E800B31516 /* FeedUIIntegrationTests.swift in Sources */,
				DFBE3A7F2AC2C81600B31516 /* XCTestCase+SharedHelpers.swift in Sources */,
				DF7D69942AC7D15D003A35A5 /* UIAction+Helpers.swift in Sources */,
				DF7D69982AC7D19B003A35A5 /* FeedViewController+TestHelpers.swift in Sources */,
				DF7D69962AC7D17C003A35A5 /* FeedCell+XCTestHelpers.swift in Sources */,
			);
			runOnlyForDeploymentPostprocessing = 0;
		};
		DFE60D112AB2155B0028E630 /* Sources */ = {
			isa = PBXSourcesBuildPhase;
			buildActionMask = 2147483647;
			files = (
				DF7D69AC2AC913F2003A35A5 /* FeedPresenter.swift in Sources */,
				DF6D2DF42ABAC74400A3250F /* FeedItemsMapper.swift in Sources */,
				DFE60D302AB215C40028E630 /* FeedLoader.swift in Sources */,
				DF7D69C82AC9CAAD003A35A5 /* ManagedFeed.swift in Sources */,
				DF4AD80E2AB22A59005F9AB9 /* RemoteFeedLoader.swift in Sources */,
				DF621A9A2ABC27AB00A309DC /* FeedCachePolicy.swift in Sources */,
				DF7D69AE2AC91408003A35A5 /* FeedViewModel.swift in Sources */,
				DF7D69B12AC91C73003A35A5 /* FeedImageViewModel.swift in Sources */,
				DF3ED1F52ABB2601000C9770 /* FeedStore.swift in Sources */,
				DF3ED1F72ABB2809000C9770 /* LocalFeedImage.swift in Sources */,
				DF7D69AD2AC91408003A35A5 /* FeedLoadingViewModel.swift in Sources */,
				DF7D69BF2AC9C986003A35A5 /* CoreDataFeedStore.swift in Sources */,
				DF7D6A0D2ACB2783003A35A5 /* CoreData+Helpers.swift in Sources */,
				DF3ED1F32ABB1F31000C9770 /* LocalFeedLoader.swift in Sources */,
				DF3ED1F92ABB2847000C9770 /* RemoteFeedItem.swift in Sources */,
				DFBE39DB2ABDD09100B31516 /* CodableFeedStore.swift in Sources */,
				DF7D69BA2AC9C7F1003A35A5 /* RemoteImageDataLoader.swift in Sources */,
				DF7D69B22AC91C73003A35A5 /* FeedImagePresenter.swift in Sources */,
				DF7D69B32AC924BA003A35A5 /* ImageLoader.swift in Sources */,
				DF7D69CA2AC9CAAD003A35A5 /* ManagedImage.swift in Sources */,
				DF4AD8102AB22A92005F9AB9 /* HTTPClient.swift in Sources */,
				DFE60D2E2AB215710028E630 /* FeedImage.swift in Sources */,
				DF7D69C22AC9C9A1003A35A5 /* FeedStore.xcdatamodeld in Sources */,
				DF67D2C52ABACC8E002106FF /* URLSessionHTTPClient.swift in Sources */,
			);
			runOnlyForDeploymentPostprocessing = 0;
		};
		DFE60D192AB2155C0028E630 /* Sources */ = {
			isa = PBXSourcesBuildPhase;
			buildActionMask = 2147483647;
			files = (
				DF7D69B62AC9BE84003A35A5 /* LoadImageDataFromRemoteUseCaseTests.swift in Sources */,
				DF7D69B82AC9C7A5003A35A5 /* HTTPClientSpy.swift in Sources */,
				DF0D81BD2ABC1E8B00D1B853 /* ValidateFeedCacheUseCaseTests.swift in Sources */,
				DFBE39E72AC1705D00B31516 /* XCTestCase+FailableDeleteFeedStoreSpecs.swift in Sources */,
				DFAAB3E12ABB2E72009866BF /* XCTestCase+Factories.swift in Sources */,
				DFBE39E52AC1703F00B31516 /* XCTestCase+FailableInsertFeedStoreSpecs.swift in Sources */,
				DF7D6A102ACB27EA003A35A5 /* LoadImageDataFromLocalTests.swift in Sources */,
				DF7D69AA2AC91071003A35A5 /* FeedPresenterTests.swift in Sources */,
				DF23806C2ABAF9CD00166912 /* XCTestCase+SharedHelpers.swift in Sources */,
				DFBE39E12AC16FF200B31516 /* XCTestCase+FeedStoreSpecs.swift in Sources */,
				DF7D69B02AC915C3003A35A5 /* FeedImagePresenterTests.swift in Sources */,
				DF2380682ABAF6A600166912 /* CacheFeedUseCaseTests.swift in Sources */,
				DF621A9E2ABD740300A309DC /* CodableFeedStoreTests.swift in Sources */,
				DF3ED1FE2ABB2B47000C9770 /* FeedStoreSpy.swift in Sources */,
				DFBE39DD2ABF09D200B31516 /* FeedStoreSpecs.swift in Sources */,
				DF7D69BC2AC9C8DB003A35A5 /* CoreDataFeedStoreTests.swift in Sources */,
				DF3ED1FB2ABB2A8F000C9770 /* LoadFeedFromCacheUseCaseTests.swift in Sources */,
				DFBE39E32AC1701300B31516 /* XCTestCase+FailableRetrieveFeedStoreSpecs.swift in Sources */,
				DFE60D332AB2197E0028E630 /* LoadFeedFromRemoteUseCaseTests.swift in Sources */,
			);
			runOnlyForDeploymentPostprocessing = 0;
		};
/* End PBXSourcesBuildPhase section */

/* Begin PBXTargetDependency section */
		DF67D2D02ABAD100002106FF /* PBXTargetDependency */ = {
			isa = PBXTargetDependency;
			target = DFE60D142AB2155B0028E630 /* EssentialFeed */;
			targetProxy = DF67D2CF2ABAD100002106FF /* PBXContainerItemProxy */;
		};
		DFBE3A132AC174B300B31516 /* PBXTargetDependency */ = {
			isa = PBXTargetDependency;
			target = DFE60D142AB2155B0028E630 /* EssentialFeed */;
			targetProxy = DFBE3A122AC174B300B31516 /* PBXContainerItemProxy */;
		};
		DFBE3A6E2AC2C7E000B31516 /* PBXTargetDependency */ = {
			isa = PBXTargetDependency;
			target = DFBE3A632AC2C7DF00B31516 /* EssentialFeediOS */;
			targetProxy = DFBE3A6D2AC2C7E000B31516 /* PBXContainerItemProxy */;
		};
		DFBE3A7D2AC2C80600B31516 /* PBXTargetDependency */ = {
			isa = PBXTargetDependency;
			target = DFE60D142AB2155B0028E630 /* EssentialFeed */;
			targetProxy = DFBE3A7C2AC2C80600B31516 /* PBXContainerItemProxy */;
		};
		DFE60D202AB2155C0028E630 /* PBXTargetDependency */ = {
			isa = PBXTargetDependency;
			target = DFE60D142AB2155B0028E630 /* EssentialFeed */;
			targetProxy = DFE60D1F2AB2155C0028E630 /* PBXContainerItemProxy */;
		};
/* End PBXTargetDependency section */

/* Begin XCBuildConfiguration section */
		DF67D2D22ABAD100002106FF /* Debug */ = {
			isa = XCBuildConfiguration;
			buildSettings = {
				CODE_SIGN_STYLE = Automatic;
				CURRENT_PROJECT_VERSION = 1;
				DEVELOPMENT_TEAM = 2J95SR9C7R;
				GENERATE_INFOPLIST_FILE = YES;
				MACOSX_DEPLOYMENT_TARGET = 12.4;
				MARKETING_VERSION = 1.0;
				PRODUCT_BUNDLE_IDENTIFIER = dev.tungvu.EssentialFeedAPIEndToEndTests;
				PRODUCT_NAME = "$(TARGET_NAME)";
				SUPPORTED_PLATFORMS = "iphonesimulator iphoneos macosx";
				SWIFT_EMIT_LOC_STRINGS = NO;
				SWIFT_VERSION = 5.0;
				TARGETED_DEVICE_FAMILY = "1,2";
			};
			name = Debug;
		};
		DF67D2D32ABAD100002106FF /* Release */ = {
			isa = XCBuildConfiguration;
			buildSettings = {
				CODE_SIGN_STYLE = Automatic;
				CURRENT_PROJECT_VERSION = 1;
				DEVELOPMENT_TEAM = 2J95SR9C7R;
				GENERATE_INFOPLIST_FILE = YES;
				MACOSX_DEPLOYMENT_TARGET = 12.4;
				MARKETING_VERSION = 1.0;
				PRODUCT_BUNDLE_IDENTIFIER = dev.tungvu.EssentialFeedAPIEndToEndTests;
				PRODUCT_NAME = "$(TARGET_NAME)";
				SUPPORTED_PLATFORMS = "iphonesimulator iphoneos macosx";
				SWIFT_EMIT_LOC_STRINGS = NO;
				SWIFT_VERSION = 5.0;
				TARGETED_DEVICE_FAMILY = "1,2";
			};
			name = Release;
		};
		DFBE3A152AC174B300B31516 /* Debug */ = {
			isa = XCBuildConfiguration;
			buildSettings = {
				CODE_SIGN_STYLE = Automatic;
				CURRENT_PROJECT_VERSION = 1;
				DEVELOPMENT_TEAM = 2J95SR9C7R;
				GENERATE_INFOPLIST_FILE = YES;
				MARKETING_VERSION = 1.0;
				PRODUCT_BUNDLE_IDENTIFIER = dev.tungvu.EssentialFeedCacheIntegrationTests;
				PRODUCT_NAME = "$(TARGET_NAME)";
				SUPPORTED_PLATFORMS = "iphonesimulator iphoneos macosx";
				SWIFT_EMIT_LOC_STRINGS = NO;
				SWIFT_VERSION = 5.0;
				TARGETED_DEVICE_FAMILY = "1,2";
			};
			name = Debug;
		};
		DFBE3A162AC174B300B31516 /* Release */ = {
			isa = XCBuildConfiguration;
			buildSettings = {
				CODE_SIGN_STYLE = Automatic;
				CURRENT_PROJECT_VERSION = 1;
				DEVELOPMENT_TEAM = 2J95SR9C7R;
				GENERATE_INFOPLIST_FILE = YES;
				MARKETING_VERSION = 1.0;
				PRODUCT_BUNDLE_IDENTIFIER = dev.tungvu.EssentialFeedCacheIntegrationTests;
				PRODUCT_NAME = "$(TARGET_NAME)";
				SUPPORTED_PLATFORMS = "iphonesimulator iphoneos macosx";
				SWIFT_EMIT_LOC_STRINGS = NO;
				SWIFT_VERSION = 5.0;
				TARGETED_DEVICE_FAMILY = "1,2";
			};
			name = Release;
		};
		DFBE3A742AC2C7E000B31516 /* Debug */ = {
			isa = XCBuildConfiguration;
			buildSettings = {
				CLANG_ENABLE_MODULES = YES;
				CODE_SIGN_IDENTITY = "";
				CODE_SIGN_STYLE = Automatic;
				CURRENT_PROJECT_VERSION = 1;
				DEFINES_MODULE = YES;
				DEVELOPMENT_TEAM = 2J95SR9C7R;
				DYLIB_COMPATIBILITY_VERSION = 1;
				DYLIB_CURRENT_VERSION = 1;
				DYLIB_INSTALL_NAME_BASE = "@rpath";
				ENABLE_MODULE_VERIFIER = YES;
				GENERATE_INFOPLIST_FILE = YES;
				INFOPLIST_KEY_NSHumanReadableCopyright = "";
				INSTALL_PATH = "$(LOCAL_LIBRARY_DIR)/Frameworks";
				LD_RUNPATH_SEARCH_PATHS = (
					"$(inherited)",
					"@executable_path/Frameworks",
					"@loader_path/Frameworks",
				);
				MARKETING_VERSION = 1.0;
				MODULE_VERIFIER_SUPPORTED_LANGUAGES = "objective-c objective-c++";
				MODULE_VERIFIER_SUPPORTED_LANGUAGE_STANDARDS = "gnu11 gnu++20";
				PRODUCT_BUNDLE_IDENTIFIER = dev.tungvu.EssentialFeediOS;
				PRODUCT_NAME = "$(TARGET_NAME:c99extidentifier)";
				SKIP_INSTALL = YES;
				SWIFT_EMIT_LOC_STRINGS = YES;
				SWIFT_OPTIMIZATION_LEVEL = "-Onone";
				SWIFT_VERSION = 5.0;
				TARGETED_DEVICE_FAMILY = "1,2";
			};
			name = Debug;
		};
		DFBE3A752AC2C7E000B31516 /* Release */ = {
			isa = XCBuildConfiguration;
			buildSettings = {
				CLANG_ENABLE_MODULES = YES;
				CODE_SIGN_IDENTITY = "";
				CODE_SIGN_STYLE = Automatic;
				CURRENT_PROJECT_VERSION = 1;
				DEFINES_MODULE = YES;
				DEVELOPMENT_TEAM = 2J95SR9C7R;
				DYLIB_COMPATIBILITY_VERSION = 1;
				DYLIB_CURRENT_VERSION = 1;
				DYLIB_INSTALL_NAME_BASE = "@rpath";
				ENABLE_MODULE_VERIFIER = YES;
				GENERATE_INFOPLIST_FILE = YES;
				INFOPLIST_KEY_NSHumanReadableCopyright = "";
				INSTALL_PATH = "$(LOCAL_LIBRARY_DIR)/Frameworks";
				LD_RUNPATH_SEARCH_PATHS = (
					"$(inherited)",
					"@executable_path/Frameworks",
					"@loader_path/Frameworks",
				);
				MARKETING_VERSION = 1.0;
				MODULE_VERIFIER_SUPPORTED_LANGUAGES = "objective-c objective-c++";
				MODULE_VERIFIER_SUPPORTED_LANGUAGE_STANDARDS = "gnu11 gnu++20";
				PRODUCT_BUNDLE_IDENTIFIER = dev.tungvu.EssentialFeediOS;
				PRODUCT_NAME = "$(TARGET_NAME:c99extidentifier)";
				SKIP_INSTALL = YES;
				SWIFT_EMIT_LOC_STRINGS = YES;
				SWIFT_VERSION = 5.0;
				TARGETED_DEVICE_FAMILY = "1,2";
			};
			name = Release;
		};
		DFBE3A772AC2C7E000B31516 /* Debug */ = {
			isa = XCBuildConfiguration;
			buildSettings = {
				ALWAYS_EMBED_SWIFT_STANDARD_LIBRARIES = YES;
				CODE_SIGN_STYLE = Automatic;
				CURRENT_PROJECT_VERSION = 1;
				DEVELOPMENT_TEAM = 2J95SR9C7R;
				GENERATE_INFOPLIST_FILE = YES;
				MARKETING_VERSION = 1.0;
				PRODUCT_BUNDLE_IDENTIFIER = dev.tungvu.EssentialFeediOSTests;
				PRODUCT_NAME = "$(TARGET_NAME)";
				SWIFT_EMIT_LOC_STRINGS = NO;
				SWIFT_VERSION = 5.0;
				TARGETED_DEVICE_FAMILY = "1,2";
			};
			name = Debug;
		};
		DFBE3A782AC2C7E000B31516 /* Release */ = {
			isa = XCBuildConfiguration;
			buildSettings = {
				ALWAYS_EMBED_SWIFT_STANDARD_LIBRARIES = YES;
				CODE_SIGN_STYLE = Automatic;
				CURRENT_PROJECT_VERSION = 1;
				DEVELOPMENT_TEAM = 2J95SR9C7R;
				GENERATE_INFOPLIST_FILE = YES;
				MARKETING_VERSION = 1.0;
				PRODUCT_BUNDLE_IDENTIFIER = dev.tungvu.EssentialFeediOSTests;
				PRODUCT_NAME = "$(TARGET_NAME)";
				SWIFT_EMIT_LOC_STRINGS = NO;
				SWIFT_VERSION = 5.0;
				TARGETED_DEVICE_FAMILY = "1,2";
			};
			name = Release;
		};
		DFE60D252AB2155C0028E630 /* Debug */ = {
			isa = XCBuildConfiguration;
			buildSettings = {
				ALWAYS_SEARCH_USER_PATHS = NO;
				CLANG_ANALYZER_NONNULL = YES;
				CLANG_ANALYZER_NUMBER_OBJECT_CONVERSION = YES_AGGRESSIVE;
				CLANG_CXX_LANGUAGE_STANDARD = "gnu++20";
				CLANG_ENABLE_MODULES = YES;
				CLANG_ENABLE_OBJC_ARC = YES;
				CLANG_ENABLE_OBJC_WEAK = YES;
				CLANG_WARN_BLOCK_CAPTURE_AUTORELEASING = YES;
				CLANG_WARN_BOOL_CONVERSION = YES;
				CLANG_WARN_COMMA = YES;
				CLANG_WARN_CONSTANT_CONVERSION = YES;
				CLANG_WARN_DEPRECATED_OBJC_IMPLEMENTATIONS = YES;
				CLANG_WARN_DIRECT_OBJC_ISA_USAGE = YES_ERROR;
				CLANG_WARN_DOCUMENTATION_COMMENTS = YES;
				CLANG_WARN_EMPTY_BODY = YES;
				CLANG_WARN_ENUM_CONVERSION = YES;
				CLANG_WARN_INFINITE_RECURSION = YES;
				CLANG_WARN_INT_CONVERSION = YES;
				CLANG_WARN_NON_LITERAL_NULL_CONVERSION = YES;
				CLANG_WARN_OBJC_IMPLICIT_RETAIN_SELF = YES;
				CLANG_WARN_OBJC_LITERAL_CONVERSION = YES;
				CLANG_WARN_OBJC_ROOT_CLASS = YES_ERROR;
				CLANG_WARN_QUOTED_INCLUDE_IN_FRAMEWORK_HEADER = YES;
				CLANG_WARN_RANGE_LOOP_ANALYSIS = YES;
				CLANG_WARN_STRICT_PROTOTYPES = YES;
				CLANG_WARN_SUSPICIOUS_MOVE = YES;
				CLANG_WARN_UNGUARDED_AVAILABILITY = YES_AGGRESSIVE;
				CLANG_WARN_UNREACHABLE_CODE = YES;
				CLANG_WARN__DUPLICATE_METHOD_MATCH = YES;
				COPY_PHASE_STRIP = NO;
				CURRENT_PROJECT_VERSION = 1;
				DEBUG_INFORMATION_FORMAT = dwarf;
				ENABLE_STRICT_OBJC_MSGSEND = YES;
				ENABLE_TESTABILITY = YES;
				ENABLE_USER_SCRIPT_SANDBOXING = YES;
				GCC_C_LANGUAGE_STANDARD = gnu11;
				GCC_DYNAMIC_NO_PIC = NO;
				GCC_NO_COMMON_BLOCKS = YES;
				GCC_OPTIMIZATION_LEVEL = 0;
				GCC_PREPROCESSOR_DEFINITIONS = (
					"DEBUG=1",
					"$(inherited)",
				);
				GCC_WARN_64_TO_32_BIT_CONVERSION = YES;
				GCC_WARN_ABOUT_RETURN_TYPE = YES_ERROR;
				GCC_WARN_UNDECLARED_SELECTOR = YES;
				GCC_WARN_UNINITIALIZED_AUTOS = YES_AGGRESSIVE;
				GCC_WARN_UNUSED_FUNCTION = YES;
				GCC_WARN_UNUSED_VARIABLE = YES;
				IPHONEOS_DEPLOYMENT_TARGET = 16.4;
				MACOSX_DEPLOYMENT_TARGET = 12.4;
				MTL_ENABLE_DEBUG_INFO = INCLUDE_SOURCE;
				MTL_FAST_MATH = YES;
				ONLY_ACTIVE_ARCH = YES;
				SDKROOT = iphoneos;
				SWIFT_ACTIVE_COMPILATION_CONDITIONS = DEBUG;
				SWIFT_OPTIMIZATION_LEVEL = "-Onone";
				VERSIONING_SYSTEM = "apple-generic";
				VERSION_INFO_PREFIX = "";
			};
			name = Debug;
		};
		DFE60D262AB2155C0028E630 /* Release */ = {
			isa = XCBuildConfiguration;
			buildSettings = {
				ALWAYS_SEARCH_USER_PATHS = NO;
				CLANG_ANALYZER_NONNULL = YES;
				CLANG_ANALYZER_NUMBER_OBJECT_CONVERSION = YES_AGGRESSIVE;
				CLANG_CXX_LANGUAGE_STANDARD = "gnu++20";
				CLANG_ENABLE_MODULES = YES;
				CLANG_ENABLE_OBJC_ARC = YES;
				CLANG_ENABLE_OBJC_WEAK = YES;
				CLANG_WARN_BLOCK_CAPTURE_AUTORELEASING = YES;
				CLANG_WARN_BOOL_CONVERSION = YES;
				CLANG_WARN_COMMA = YES;
				CLANG_WARN_CONSTANT_CONVERSION = YES;
				CLANG_WARN_DEPRECATED_OBJC_IMPLEMENTATIONS = YES;
				CLANG_WARN_DIRECT_OBJC_ISA_USAGE = YES_ERROR;
				CLANG_WARN_DOCUMENTATION_COMMENTS = YES;
				CLANG_WARN_EMPTY_BODY = YES;
				CLANG_WARN_ENUM_CONVERSION = YES;
				CLANG_WARN_INFINITE_RECURSION = YES;
				CLANG_WARN_INT_CONVERSION = YES;
				CLANG_WARN_NON_LITERAL_NULL_CONVERSION = YES;
				CLANG_WARN_OBJC_IMPLICIT_RETAIN_SELF = YES;
				CLANG_WARN_OBJC_LITERAL_CONVERSION = YES;
				CLANG_WARN_OBJC_ROOT_CLASS = YES_ERROR;
				CLANG_WARN_QUOTED_INCLUDE_IN_FRAMEWORK_HEADER = YES;
				CLANG_WARN_RANGE_LOOP_ANALYSIS = YES;
				CLANG_WARN_STRICT_PROTOTYPES = YES;
				CLANG_WARN_SUSPICIOUS_MOVE = YES;
				CLANG_WARN_UNGUARDED_AVAILABILITY = YES_AGGRESSIVE;
				CLANG_WARN_UNREACHABLE_CODE = YES;
				CLANG_WARN__DUPLICATE_METHOD_MATCH = YES;
				COPY_PHASE_STRIP = NO;
				CURRENT_PROJECT_VERSION = 1;
				DEBUG_INFORMATION_FORMAT = "dwarf-with-dsym";
				ENABLE_NS_ASSERTIONS = NO;
				ENABLE_STRICT_OBJC_MSGSEND = YES;
				ENABLE_USER_SCRIPT_SANDBOXING = YES;
				GCC_C_LANGUAGE_STANDARD = gnu11;
				GCC_NO_COMMON_BLOCKS = YES;
				GCC_WARN_64_TO_32_BIT_CONVERSION = YES;
				GCC_WARN_ABOUT_RETURN_TYPE = YES_ERROR;
				GCC_WARN_UNDECLARED_SELECTOR = YES;
				GCC_WARN_UNINITIALIZED_AUTOS = YES_AGGRESSIVE;
				GCC_WARN_UNUSED_FUNCTION = YES;
				GCC_WARN_UNUSED_VARIABLE = YES;
				IPHONEOS_DEPLOYMENT_TARGET = 16.4;
				MACOSX_DEPLOYMENT_TARGET = 12.4;
				MTL_ENABLE_DEBUG_INFO = NO;
				MTL_FAST_MATH = YES;
				SDKROOT = iphoneos;
				SWIFT_COMPILATION_MODE = wholemodule;
				SWIFT_OPTIMIZATION_LEVEL = "-O";
				VALIDATE_PRODUCT = YES;
				VERSIONING_SYSTEM = "apple-generic";
				VERSION_INFO_PREFIX = "";
			};
			name = Release;
		};
		DFE60D282AB2155C0028E630 /* Debug */ = {
			isa = XCBuildConfiguration;
			buildSettings = {
				CLANG_ENABLE_MODULES = YES;
				CODE_SIGN_IDENTITY = "";
				CODE_SIGN_STYLE = Automatic;
				CURRENT_PROJECT_VERSION = 1;
				DEFINES_MODULE = YES;
				DEVELOPMENT_TEAM = 2J95SR9C7R;
				DYLIB_COMPATIBILITY_VERSION = 1;
				DYLIB_CURRENT_VERSION = 1;
				DYLIB_INSTALL_NAME_BASE = "@rpath";
				ENABLE_MODULE_VERIFIER = YES;
				GENERATE_INFOPLIST_FILE = YES;
				INFOPLIST_KEY_NSHumanReadableCopyright = "";
				INSTALL_PATH = "$(LOCAL_LIBRARY_DIR)/Frameworks";
				LD_RUNPATH_SEARCH_PATHS = (
					"$(inherited)",
					"@executable_path/Frameworks",
					"@loader_path/Frameworks",
				);
				MACOSX_DEPLOYMENT_TARGET = 12.4;
				MARKETING_VERSION = 1.0;
				MODULE_VERIFIER_SUPPORTED_LANGUAGES = "objective-c objective-c++";
				MODULE_VERIFIER_SUPPORTED_LANGUAGE_STANDARDS = "gnu11 gnu++20";
				PRODUCT_BUNDLE_IDENTIFIER = dev.tungvu.EssentialFeed;
				PRODUCT_NAME = "$(TARGET_NAME:c99extidentifier)";
				SKIP_INSTALL = YES;
				SUPPORTED_PLATFORMS = "iphonesimulator iphoneos macosx";
				SWIFT_EMIT_LOC_STRINGS = YES;
				SWIFT_OPTIMIZATION_LEVEL = "-Onone";
				SWIFT_VERSION = 5.0;
				TARGETED_DEVICE_FAMILY = "1,2";
			};
			name = Debug;
		};
		DFE60D292AB2155C0028E630 /* Release */ = {
			isa = XCBuildConfiguration;
			buildSettings = {
				CLANG_ENABLE_MODULES = YES;
				CODE_SIGN_IDENTITY = "";
				CODE_SIGN_STYLE = Automatic;
				CURRENT_PROJECT_VERSION = 1;
				DEFINES_MODULE = YES;
				DEVELOPMENT_TEAM = 2J95SR9C7R;
				DYLIB_COMPATIBILITY_VERSION = 1;
				DYLIB_CURRENT_VERSION = 1;
				DYLIB_INSTALL_NAME_BASE = "@rpath";
				ENABLE_MODULE_VERIFIER = YES;
				GENERATE_INFOPLIST_FILE = YES;
				INFOPLIST_KEY_NSHumanReadableCopyright = "";
				INSTALL_PATH = "$(LOCAL_LIBRARY_DIR)/Frameworks";
				LD_RUNPATH_SEARCH_PATHS = (
					"$(inherited)",
					"@executable_path/Frameworks",
					"@loader_path/Frameworks",
				);
				MACOSX_DEPLOYMENT_TARGET = 12.4;
				MARKETING_VERSION = 1.0;
				MODULE_VERIFIER_SUPPORTED_LANGUAGES = "objective-c objective-c++";
				MODULE_VERIFIER_SUPPORTED_LANGUAGE_STANDARDS = "gnu11 gnu++20";
				PRODUCT_BUNDLE_IDENTIFIER = dev.tungvu.EssentialFeed;
				PRODUCT_NAME = "$(TARGET_NAME:c99extidentifier)";
				SKIP_INSTALL = YES;
				SUPPORTED_PLATFORMS = "iphonesimulator iphoneos macosx";
				SWIFT_EMIT_LOC_STRINGS = YES;
				SWIFT_VERSION = 5.0;
				TARGETED_DEVICE_FAMILY = "1,2";
			};
			name = Release;
		};
		DFE60D2B2AB2155C0028E630 /* Debug */ = {
			isa = XCBuildConfiguration;
			buildSettings = {
				ALWAYS_EMBED_SWIFT_STANDARD_LIBRARIES = YES;
				CLANG_ENABLE_MODULES = YES;
				CODE_SIGN_STYLE = Automatic;
				CURRENT_PROJECT_VERSION = 1;
				DEVELOPMENT_TEAM = 2J95SR9C7R;
				GENERATE_INFOPLIST_FILE = YES;
				MACOSX_DEPLOYMENT_TARGET = 12.4;
				MARKETING_VERSION = 1.0;
				PRODUCT_BUNDLE_IDENTIFIER = dev.tungvu.EssentialFeedTests;
				PRODUCT_NAME = "$(TARGET_NAME)";
				SUPPORTED_PLATFORMS = "iphonesimulator iphoneos macosx";
				SWIFT_EMIT_LOC_STRINGS = NO;
				SWIFT_OPTIMIZATION_LEVEL = "-Onone";
				SWIFT_VERSION = 5.0;
				TARGETED_DEVICE_FAMILY = "1,2";
			};
			name = Debug;
		};
		DFE60D2C2AB2155C0028E630 /* Release */ = {
			isa = XCBuildConfiguration;
			buildSettings = {
				ALWAYS_EMBED_SWIFT_STANDARD_LIBRARIES = YES;
				CLANG_ENABLE_MODULES = YES;
				CODE_SIGN_STYLE = Automatic;
				CURRENT_PROJECT_VERSION = 1;
				DEVELOPMENT_TEAM = 2J95SR9C7R;
				GENERATE_INFOPLIST_FILE = YES;
				MACOSX_DEPLOYMENT_TARGET = 12.4;
				MARKETING_VERSION = 1.0;
				PRODUCT_BUNDLE_IDENTIFIER = dev.tungvu.EssentialFeedTests;
				PRODUCT_NAME = "$(TARGET_NAME)";
				SUPPORTED_PLATFORMS = "iphonesimulator iphoneos macosx";
				SWIFT_EMIT_LOC_STRINGS = NO;
				SWIFT_VERSION = 5.0;
				TARGETED_DEVICE_FAMILY = "1,2";
			};
			name = Release;
		};
/* End XCBuildConfiguration section */

/* Begin XCConfigurationList section */
		DF67D2D12ABAD100002106FF /* Build configuration list for PBXNativeTarget "EssentialFeedAPIEndToEndTests" */ = {
			isa = XCConfigurationList;
			buildConfigurations = (
				DF67D2D22ABAD100002106FF /* Debug */,
				DF67D2D32ABAD100002106FF /* Release */,
			);
			defaultConfigurationIsVisible = 0;
			defaultConfigurationName = Release;
		};
		DFBE3A142AC174B300B31516 /* Build configuration list for PBXNativeTarget "EssentialFeedCacheIntegrationTests" */ = {
			isa = XCConfigurationList;
			buildConfigurations = (
				DFBE3A152AC174B300B31516 /* Debug */,
				DFBE3A162AC174B300B31516 /* Release */,
			);
			defaultConfigurationIsVisible = 0;
			defaultConfigurationName = Release;
		};
		DFBE3A732AC2C7E000B31516 /* Build configuration list for PBXNativeTarget "EssentialFeediOS" */ = {
			isa = XCConfigurationList;
			buildConfigurations = (
				DFBE3A742AC2C7E000B31516 /* Debug */,
				DFBE3A752AC2C7E000B31516 /* Release */,
			);
			defaultConfigurationIsVisible = 0;
			defaultConfigurationName = Release;
		};
		DFBE3A762AC2C7E000B31516 /* Build configuration list for PBXNativeTarget "EssentialFeediOSTests" */ = {
			isa = XCConfigurationList;
			buildConfigurations = (
				DFBE3A772AC2C7E000B31516 /* Debug */,
				DFBE3A782AC2C7E000B31516 /* Release */,
			);
			defaultConfigurationIsVisible = 0;
			defaultConfigurationName = Release;
		};
		DFE60D0F2AB2155B0028E630 /* Build configuration list for PBXProject "EssentialFeed" */ = {
			isa = XCConfigurationList;
			buildConfigurations = (
				DFE60D252AB2155C0028E630 /* Debug */,
				DFE60D262AB2155C0028E630 /* Release */,
			);
			defaultConfigurationIsVisible = 0;
			defaultConfigurationName = Release;
		};
		DFE60D272AB2155C0028E630 /* Build configuration list for PBXNativeTarget "EssentialFeed" */ = {
			isa = XCConfigurationList;
			buildConfigurations = (
				DFE60D282AB2155C0028E630 /* Debug */,
				DFE60D292AB2155C0028E630 /* Release */,
			);
			defaultConfigurationIsVisible = 0;
			defaultConfigurationName = Release;
		};
		DFE60D2A2AB2155C0028E630 /* Build configuration list for PBXNativeTarget "EssentialFeedTests" */ = {
			isa = XCConfigurationList;
			buildConfigurations = (
				DFE60D2B2AB2155C0028E630 /* Debug */,
				DFE60D2C2AB2155C0028E630 /* Release */,
			);
			defaultConfigurationIsVisible = 0;
			defaultConfigurationName = Release;
		};
/* End XCConfigurationList section */

/* Begin XCVersionGroup section */
		DF7D69C02AC9C9A1003A35A5 /* FeedStore.xcdatamodeld */ = {
			isa = XCVersionGroup;
			children = (
				DF7D69C12AC9C9A1003A35A5 /* FeedStore.xcdatamodel */,
			);
			currentVersion = DF7D69C12AC9C9A1003A35A5 /* FeedStore.xcdatamodel */;
			path = FeedStore.xcdatamodeld;
			sourceTree = "<group>";
			versionGroupType = wrapper.xcdatamodel;
		};
/* End XCVersionGroup section */
	};
	rootObject = DFE60D0C2AB2155B0028E630 /* Project object */;
}
