// !$*UTF8*$!
{
	archiveVersion = 1;
	classes = {
	};
	objectVersion = 56;
	objects = {

/* Begin PBXBuildFile section */
		DF2380682ABAF6A600166912 /* CacheFeedUseCaseTests.swift in Sources */ = {isa = PBXBuildFile; fileRef = DF2380672ABAF6A600166912 /* CacheFeedUseCaseTests.swift */; };
		DF23806C2ABAF9CD00166912 /* XCTestCase+Helpers.swift in Sources */ = {isa = PBXBuildFile; fileRef = DF23806B2ABAF9CD00166912 /* XCTestCase+Helpers.swift */; };
		DF3ED1F32ABB1F31000C9770 /* LocalFeedLoader.swift in Sources */ = {isa = PBXBuildFile; fileRef = DF3ED1F22ABB1F31000C9770 /* LocalFeedLoader.swift */; };
		DF3ED1F52ABB2601000C9770 /* FeedStore.swift in Sources */ = {isa = PBXBuildFile; fileRef = DF3ED1F42ABB2601000C9770 /* FeedStore.swift */; };
		DF3ED1F72ABB2809000C9770 /* LocalFeedItem.swift in Sources */ = {isa = PBXBuildFile; fileRef = DF3ED1F62ABB2809000C9770 /* LocalFeedItem.swift */; };
		DF4AD80E2AB22A59005F9AB9 /* RemoteFeedLoader.swift in Sources */ = {isa = PBXBuildFile; fileRef = DF4AD80D2AB22A59005F9AB9 /* RemoteFeedLoader.swift */; };
		DF4AD8102AB22A92005F9AB9 /* HTTPClient.swift in Sources */ = {isa = PBXBuildFile; fileRef = DF4AD80F2AB22A92005F9AB9 /* HTTPClient.swift */; };
		DF67D2C52ABACC8E002106FF /* URLSessionHTTPClient.swift in Sources */ = {isa = PBXBuildFile; fileRef = DF67D2C42ABACC8E002106FF /* URLSessionHTTPClient.swift */; };
		DF67D2CD2ABAD100002106FF /* EssentialFeedAPIEndToEndTests.swift in Sources */ = {isa = PBXBuildFile; fileRef = DF67D2CC2ABAD100002106FF /* EssentialFeedAPIEndToEndTests.swift */; };
		DF67D2CE2ABAD100002106FF /* EssentialFeed.framework in Frameworks */ = {isa = PBXBuildFile; fileRef = DFE60D152AB2155B0028E630 /* EssentialFeed.framework */; };
		DF6D2DF42ABAC74400A3250F /* FeedItemsMapper.swift in Sources */ = {isa = PBXBuildFile; fileRef = DF6D2DF32ABAC74400A3250F /* FeedItemsMapper.swift */; };
		DFE60D1E2AB2155C0028E630 /* EssentialFeed.framework in Frameworks */ = {isa = PBXBuildFile; fileRef = DFE60D152AB2155B0028E630 /* EssentialFeed.framework */; };
		DFE60D2E2AB215710028E630 /* FeedItem.swift in Sources */ = {isa = PBXBuildFile; fileRef = DFE60D2D2AB215710028E630 /* FeedItem.swift */; };
		DFE60D302AB215C40028E630 /* FeedLoader.swift in Sources */ = {isa = PBXBuildFile; fileRef = DFE60D2F2AB215C40028E630 /* FeedLoader.swift */; };
		DFE60D332AB2197E0028E630 /* LoadFeedFromRemoteUseCaseTests.swift in Sources */ = {isa = PBXBuildFile; fileRef = DFE60D322AB2197E0028E630 /* LoadFeedFromRemoteUseCaseTests.swift */; };
/* End PBXBuildFile section */

/* Begin PBXContainerItemProxy section */
		DF67D2CF2ABAD100002106FF /* PBXContainerItemProxy */ = {
			isa = PBXContainerItemProxy;
			containerPortal = DFE60D0C2AB2155B0028E630 /* Project object */;
			proxyType = 1;
			remoteGlobalIDString = DFE60D142AB2155B0028E630;
			remoteInfo = EssentialFeed;
		};
		DFE60D1F2AB2155C0028E630 /* PBXContainerItemProxy */ = {
			isa = PBXContainerItemProxy;
			containerPortal = DFE60D0C2AB2155B0028E630 /* Project object */;
			proxyType = 1;
			remoteGlobalIDString = DFE60D142AB2155B0028E630;
			remoteInfo = EssentialFeed;
		};
/* End PBXContainerItemProxy section */

/* Begin PBXFileReference section */
		DF2380672ABAF6A600166912 /* CacheFeedUseCaseTests.swift */ = {isa = PBXFileReference; lastKnownFileType = sourcecode.swift; name = CacheFeedUseCaseTests.swift; path = EssentialFeedTests/CacheFeedUseCaseTests.swift; sourceTree = SOURCE_ROOT; };
		DF23806B2ABAF9CD00166912 /* XCTestCase+Helpers.swift */ = {isa = PBXFileReference; lastKnownFileType = sourcecode.swift; path = "XCTestCase+Helpers.swift"; sourceTree = "<group>"; };
		DF3ED1F22ABB1F31000C9770 /* LocalFeedLoader.swift */ = {isa = PBXFileReference; lastKnownFileType = sourcecode.swift; path = LocalFeedLoader.swift; sourceTree = "<group>"; };
		DF3ED1F42ABB2601000C9770 /* FeedStore.swift */ = {isa = PBXFileReference; lastKnownFileType = sourcecode.swift; path = FeedStore.swift; sourceTree = "<group>"; };
		DF3ED1F62ABB2809000C9770 /* LocalFeedItem.swift */ = {isa = PBXFileReference; lastKnownFileType = sourcecode.swift; path = LocalFeedItem.swift; sourceTree = "<group>"; };
		DF4AD80D2AB22A59005F9AB9 /* RemoteFeedLoader.swift */ = {isa = PBXFileReference; lastKnownFileType = sourcecode.swift; path = RemoteFeedLoader.swift; sourceTree = "<group>"; };
		DF4AD80F2AB22A92005F9AB9 /* HTTPClient.swift */ = {isa = PBXFileReference; lastKnownFileType = sourcecode.swift; path = HTTPClient.swift; sourceTree = "<group>"; };
		DF67D2C42ABACC8E002106FF /* URLSessionHTTPClient.swift */ = {isa = PBXFileReference; lastKnownFileType = sourcecode.swift; path = URLSessionHTTPClient.swift; sourceTree = "<group>"; };
		DF67D2CA2ABAD100002106FF /* EssentialFeedAPIEndToEndTests.xctest */ = {isa = PBXFileReference; explicitFileType = wrapper.cfbundle; includeInIndex = 0; path = EssentialFeedAPIEndToEndTests.xctest; sourceTree = BUILT_PRODUCTS_DIR; };
		DF67D2CC2ABAD100002106FF /* EssentialFeedAPIEndToEndTests.swift */ = {isa = PBXFileReference; lastKnownFileType = sourcecode.swift; path = EssentialFeedAPIEndToEndTests.swift; sourceTree = "<group>"; };
		DF67D2D42ABAD2B2002106FF /* CI.xctestplan */ = {isa = PBXFileReference; lastKnownFileType = text; path = CI.xctestplan; sourceTree = "<group>"; };
		DF6D2DF32ABAC74400A3250F /* FeedItemsMapper.swift */ = {isa = PBXFileReference; lastKnownFileType = sourcecode.swift; path = FeedItemsMapper.swift; sourceTree = "<group>"; };
		DFE60D152AB2155B0028E630 /* EssentialFeed.framework */ = {isa = PBXFileReference; explicitFileType = wrapper.framework; includeInIndex = 0; path = EssentialFeed.framework; sourceTree = BUILT_PRODUCTS_DIR; };
		DFE60D1D2AB2155C0028E630 /* EssentialFeedTests.xctest */ = {isa = PBXFileReference; explicitFileType = wrapper.cfbundle; includeInIndex = 0; path = EssentialFeedTests.xctest; sourceTree = BUILT_PRODUCTS_DIR; };
		DFE60D2D2AB215710028E630 /* FeedItem.swift */ = {isa = PBXFileReference; lastKnownFileType = sourcecode.swift; path = FeedItem.swift; sourceTree = "<group>"; };
		DFE60D2F2AB215C40028E630 /* FeedLoader.swift */ = {isa = PBXFileReference; lastKnownFileType = sourcecode.swift; path = FeedLoader.swift; sourceTree = "<group>"; };
		DFE60D322AB2197E0028E630 /* LoadFeedFromRemoteUseCaseTests.swift */ = {isa = PBXFileReference; lastKnownFileType = sourcecode.swift; path = LoadFeedFromRemoteUseCaseTests.swift; sourceTree = "<group>"; };
		DFE60D342AB223230028E630 /* EssentialFeed.xctestplan */ = {isa = PBXFileReference; lastKnownFileType = text; path = EssentialFeed.xctestplan; sourceTree = "<group>"; };
/* End PBXFileReference section */

/* Begin PBXFrameworksBuildPhase section */
		DF67D2C72ABAD100002106FF /* Frameworks */ = {
			isa = PBXFrameworksBuildPhase;
			buildActionMask = 2147483647;
			files = (
				DF67D2CE2ABAD100002106FF /* EssentialFeed.framework in Frameworks */,
			);
			runOnlyForDeploymentPostprocessing = 0;
		};
		DFE60D122AB2155B0028E630 /* Frameworks */ = {
			isa = PBXFrameworksBuildPhase;
			buildActionMask = 2147483647;
			files = (
			);
			runOnlyForDeploymentPostprocessing = 0;
		};
		DFE60D1A2AB2155C0028E630 /* Frameworks */ = {
			isa = PBXFrameworksBuildPhase;
			buildActionMask = 2147483647;
			files = (
				DFE60D1E2AB2155C0028E630 /* EssentialFeed.framework in Frameworks */,
			);
			runOnlyForDeploymentPostprocessing = 0;
		};
/* End PBXFrameworksBuildPhase section */

/* Begin PBXGroup section */
		DF2380642ABAF45D00166912 /* Feed API */ = {
			isa = PBXGroup;
			children = (
				DF6D2DF32ABAC74400A3250F /* FeedItemsMapper.swift */,
				DF4AD80F2AB22A92005F9AB9 /* HTTPClient.swift */,
				DF4AD80D2AB22A59005F9AB9 /* RemoteFeedLoader.swift */,
				DF67D2C42ABACC8E002106FF /* URLSessionHTTPClient.swift */,
			);
			path = "Feed API";
			sourceTree = "<group>";
		};
		DF2380652ABAF46D00166912 /* Feed API */ = {
			isa = PBXGroup;
			children = (
				DFE60D322AB2197E0028E630 /* LoadFeedFromRemoteUseCaseTests.swift */,
			);
			path = "Feed API";
			sourceTree = "<group>";
		};
		DF2380662ABAF66700166912 /* Feed Cache */ = {
			isa = PBXGroup;
			children = (
				DF2380672ABAF6A600166912 /* CacheFeedUseCaseTests.swift */,
			);
			path = "Feed Cache";
			sourceTree = "<group>";
		};
		DF2380692ABAF9AD00166912 /* Helpers */ = {
			isa = PBXGroup;
			children = (
				DF23806B2ABAF9CD00166912 /* XCTestCase+Helpers.swift */,
			);
			path = Helpers;
			sourceTree = "<group>";
		};
		DF3ED1F12ABB1F28000C9770 /* Feed Cache */ = {
			isa = PBXGroup;
			children = (
				DF3ED1F22ABB1F31000C9770 /* LocalFeedLoader.swift */,
				DF3ED1F42ABB2601000C9770 /* FeedStore.swift */,
				DF3ED1F62ABB2809000C9770 /* LocalFeedItem.swift */,
			);
			path = "Feed Cache";
			sourceTree = "<group>";
		};
		DF67D2CB2ABAD100002106FF /* EssentialFeedAPIEndToEndTests */ = {
			isa = PBXGroup;
			children = (
				DF67D2CC2ABAD100002106FF /* EssentialFeedAPIEndToEndTests.swift */,
			);
			path = EssentialFeedAPIEndToEndTests;
			sourceTree = "<group>";
		};
		DFE60D0B2AB2155B0028E630 = {
			isa = PBXGroup;
			children = (
				DF67D2D42ABAD2B2002106FF /* CI.xctestplan */,
				DFE60D342AB223230028E630 /* EssentialFeed.xctestplan */,
				DFE60D172AB2155B0028E630 /* EssentialFeed */,
				DFE60D212AB2155C0028E630 /* EssentialFeedTests */,
				DF67D2CB2ABAD100002106FF /* EssentialFeedAPIEndToEndTests */,
				DFE60D162AB2155B0028E630 /* Products */,
			);
			sourceTree = "<group>";
		};
		DFE60D162AB2155B0028E630 /* Products */ = {
			isa = PBXGroup;
			children = (
				DFE60D152AB2155B0028E630 /* EssentialFeed.framework */,
				DFE60D1D2AB2155C0028E630 /* EssentialFeedTests.xctest */,
				DF67D2CA2ABAD100002106FF /* EssentialFeedAPIEndToEndTests.xctest */,
			);
			name = Products;
			sourceTree = "<group>";
		};
		DFE60D172AB2155B0028E630 /* EssentialFeed */ = {
			isa = PBXGroup;
			children = (
				DFE60D312AB2163B0028E630 /* Feed Feature */,
				DF3ED1F12ABB1F28000C9770 /* Feed Cache */,
				DF2380642ABAF45D00166912 /* Feed API */,
			);
			path = EssentialFeed;
			sourceTree = "<group>";
		};
		DFE60D212AB2155C0028E630 /* EssentialFeedTests */ = {
			isa = PBXGroup;
			children = (
				DF2380692ABAF9AD00166912 /* Helpers */,
				DF2380662ABAF66700166912 /* Feed Cache */,
				DF2380652ABAF46D00166912 /* Feed API */,
			);
			path = EssentialFeedTests;
			sourceTree = "<group>";
		};
		DFE60D312AB2163B0028E630 /* Feed Feature */ = {
			isa = PBXGroup;
			children = (
				DFE60D2D2AB215710028E630 /* FeedItem.swift */,
				DFE60D2F2AB215C40028E630 /* FeedLoader.swift */,
			);
			path = "Feed Feature";
			sourceTree = "<group>";
		};
/* End PBXGroup section */

/* Begin PBXHeadersBuildPhase section */
		DFE60D102AB2155B0028E630 /* Headers */ = {
			isa = PBXHeadersBuildPhase;
			buildActionMask = 2147483647;
			files = (
			);
			runOnlyForDeploymentPostprocessing = 0;
		};
/* End PBXHeadersBuildPhase section */

/* Begin PBXNativeTarget section */
		DF67D2C92ABAD100002106FF /* EssentialFeedAPIEndToEndTests */ = {
			isa = PBXNativeTarget;
			buildConfigurationList = DF67D2D12ABAD100002106FF /* Build configuration list for PBXNativeTarget "EssentialFeedAPIEndToEndTests" */;
			buildPhases = (
				DF67D2C62ABAD100002106FF /* Sources */,
				DF67D2C72ABAD100002106FF /* Frameworks */,
				DF67D2C82ABAD100002106FF /* Resources */,
			);
			buildRules = (
			);
			dependencies = (
				DF67D2D02ABAD100002106FF /* PBXTargetDependency */,
			);
			name = EssentialFeedAPIEndToEndTests;
			productName = EssentialFeedAPIEndToEndTests;
			productReference = DF67D2CA2ABAD100002106FF /* EssentialFeedAPIEndToEndTests.xctest */;
			productType = "com.apple.product-type.bundle.unit-test";
		};
		DFE60D142AB2155B0028E630 /* EssentialFeed */ = {
			isa = PBXNativeTarget;
			buildConfigurationList = DFE60D272AB2155C0028E630 /* Build configuration list for PBXNativeTarget "EssentialFeed" */;
			buildPhases = (
				DFE60D102AB2155B0028E630 /* Headers */,
				DFE60D112AB2155B0028E630 /* Sources */,
				DFE60D122AB2155B0028E630 /* Frameworks */,
				DFE60D132AB2155B0028E630 /* Resources */,
			);
			buildRules = (
			);
			dependencies = (
			);
			name = EssentialFeed;
			productName = EssentialFeed;
			productReference = DFE60D152AB2155B0028E630 /* EssentialFeed.framework */;
			productType = "com.apple.product-type.framework";
		};
		DFE60D1C2AB2155C0028E630 /* EssentialFeedTests */ = {
			isa = PBXNativeTarget;
			buildConfigurationList = DFE60D2A2AB2155C0028E630 /* Build configuration list for PBXNativeTarget "EssentialFeedTests" */;
			buildPhases = (
				DFE60D192AB2155C0028E630 /* Sources */,
				DFE60D1A2AB2155C0028E630 /* Frameworks */,
				DFE60D1B2AB2155C0028E630 /* Resources */,
			);
			buildRules = (
			);
			dependencies = (
				DFE60D202AB2155C0028E630 /* PBXTargetDependency */,
			);
			name = EssentialFeedTests;
			productName = EssentialFeedTests;
			productReference = DFE60D1D2AB2155C0028E630 /* EssentialFeedTests.xctest */;
			productType = "com.apple.product-type.bundle.unit-test";
		};
/* End PBXNativeTarget section */

/* Begin PBXProject section */
		DFE60D0C2AB2155B0028E630 /* Project object */ = {
			isa = PBXProject;
			attributes = {
				BuildIndependentTargetsInParallel = 1;
				LastSwiftUpdateCheck = 1430;
				LastUpgradeCheck = 1430;
				TargetAttributes = {
					DF67D2C92ABAD100002106FF = {
						CreatedOnToolsVersion = 14.3.1;
					};
					DFE60D142AB2155B0028E630 = {
						CreatedOnToolsVersion = 14.3.1;
						LastSwiftMigration = 1430;
					};
					DFE60D1C2AB2155C0028E630 = {
						CreatedOnToolsVersion = 14.3.1;
						LastSwiftMigration = 1430;
					};
				};
			};
			buildConfigurationList = DFE60D0F2AB2155B0028E630 /* Build configuration list for PBXProject "EssentialFeed" */;
			compatibilityVersion = "Xcode 14.0";
			developmentRegion = en;
			hasScannedForEncodings = 0;
			knownRegions = (
				en,
				Base,
			);
			mainGroup = DFE60D0B2AB2155B0028E630;
			productRefGroup = DFE60D162AB2155B0028E630 /* Products */;
			projectDirPath = "";
			projectRoot = "";
			targets = (
				DFE60D142AB2155B0028E630 /* EssentialFeed */,
				DFE60D1C2AB2155C0028E630 /* EssentialFeedTests */,
				DF67D2C92ABAD100002106FF /* EssentialFeedAPIEndToEndTests */,
			);
		};
/* End PBXProject section */

/* Begin PBXResourcesBuildPhase section */
		DF67D2C82ABAD100002106FF /* Resources */ = {
			isa = PBXResourcesBuildPhase;
			buildActionMask = 2147483647;
			files = (
			);
			runOnlyForDeploymentPostprocessing = 0;
		};
		DFE60D132AB2155B0028E630 /* Resources */ = {
			isa = PBXResourcesBuildPhase;
			buildActionMask = 2147483647;
			files = (
			);
			runOnlyForDeploymentPostprocessing = 0;
		};
		DFE60D1B2AB2155C0028E630 /* Resources */ = {
			isa = PBXResourcesBuildPhase;
			buildActionMask = 2147483647;
			files = (
			);
			runOnlyForDeploymentPostprocessing = 0;
		};
/* End PBXResourcesBuildPhase section */

/* Begin PBXSourcesBuildPhase section */
		DF67D2C62ABAD100002106FF /* Sources */ = {
			isa = PBXSourcesBuildPhase;
			buildActionMask = 2147483647;
			files = (
				DF67D2CD2ABAD100002106FF /* EssentialFeedAPIEndToEndTests.swift in Sources */,
			);
			runOnlyForDeploymentPostprocessing = 0;
		};
		DFE60D112AB2155B0028E630 /* Sources */ = {
			isa = PBXSourcesBuildPhase;
			buildActionMask = 2147483647;
			files = (
				DF6D2DF42ABAC74400A3250F /* FeedItemsMapper.swift in Sources */,
				DFE60D302AB215C40028E630 /* FeedLoader.swift in Sources */,
				DF4AD80E2AB22A59005F9AB9 /* RemoteFeedLoader.swift in Sources */,
				DF3ED1F52ABB2601000C9770 /* FeedStore.swift in Sources */,
				DF3ED1F72ABB2809000C9770 /* LocalFeedItem.swift in Sources */,
				DF3ED1F32ABB1F31000C9770 /* LocalFeedLoader.swift in Sources */,
				DF4AD8102AB22A92005F9AB9 /* HTTPClient.swift in Sources */,
				DFE60D2E2AB215710028E630 /* FeedItem.swift in Sources */,
				DF67D2C52ABACC8E002106FF /* URLSessionHTTPClient.swift in Sources */,
			);
			runOnlyForDeploymentPostprocessing = 0;
		};
		DFE60D192AB2155C0028E630 /* Sources */ = {
			isa = PBXSourcesBuildPhase;
			buildActionMask = 2147483647;
			files = (
				DF23806C2ABAF9CD00166912 /* XCTestCase+Helpers.swift in Sources */,
				DF2380682ABAF6A600166912 /* CacheFeedUseCaseTests.swift in Sources */,
				DFE60D332AB2197E0028E630 /* LoadFeedFromRemoteUseCaseTests.swift in Sources */,
			);
			runOnlyForDeploymentPostprocessing = 0;
		};
/* End PBXSourcesBuildPhase section */

/* Begin PBXTargetDependency section */
		DF67D2D02ABAD100002106FF /* PBXTargetDependency */ = {
			isa = PBXTargetDependency;
			target = DFE60D142AB2155B0028E630 /* EssentialFeed */;
			targetProxy = DF67D2CF2ABAD100002106FF /* PBXContainerItemProxy */;
		};
		DFE60D202AB2155C0028E630 /* PBXTargetDependency */ = {
			isa = PBXTargetDependency;
			target = DFE60D142AB2155B0028E630 /* EssentialFeed */;
			targetProxy = DFE60D1F2AB2155C0028E630 /* PBXContainerItemProxy */;
		};
/* End PBXTargetDependency section */

/* Begin XCBuildConfiguration section */
		DF67D2D22ABAD100002106FF /* Debug */ = {
			isa = XCBuildConfiguration;
			buildSettings = {
				CODE_SIGN_STYLE = Automatic;
				CURRENT_PROJECT_VERSION = 1;
				DEVELOPMENT_TEAM = 2J95SR9C7R;
				GENERATE_INFOPLIST_FILE = YES;
				MACOSX_DEPLOYMENT_TARGET = 12.4;
				MARKETING_VERSION = 1.0;
				PRODUCT_BUNDLE_IDENTIFIER = dev.tungvu.EssentialFeedAPIEndToEndTests;
				PRODUCT_NAME = "$(TARGET_NAME)";
				SWIFT_EMIT_LOC_STRINGS = NO;
				SWIFT_VERSION = 5.0;
				TARGETED_DEVICE_FAMILY = "1,2";
			};
			name = Debug;
		};
		DF67D2D32ABAD100002106FF /* Release */ = {
			isa = XCBuildConfiguration;
			buildSettings = {
				CODE_SIGN_STYLE = Automatic;
				CURRENT_PROJECT_VERSION = 1;
				DEVELOPMENT_TEAM = 2J95SR9C7R;
				GENERATE_INFOPLIST_FILE = YES;
				MACOSX_DEPLOYMENT_TARGET = 12.4;
				MARKETING_VERSION = 1.0;
				PRODUCT_BUNDLE_IDENTIFIER = dev.tungvu.EssentialFeedAPIEndToEndTests;
				PRODUCT_NAME = "$(TARGET_NAME)";
				SWIFT_EMIT_LOC_STRINGS = NO;
				SWIFT_VERSION = 5.0;
				TARGETED_DEVICE_FAMILY = "1,2";
			};
			name = Release;
		};
		DFE60D252AB2155C0028E630 /* Debug */ = {
			isa = XCBuildConfiguration;
			buildSettings = {
				ALWAYS_SEARCH_USER_PATHS = NO;
				CLANG_ANALYZER_NONNULL = YES;
				CLANG_ANALYZER_NUMBER_OBJECT_CONVERSION = YES_AGGRESSIVE;
				CLANG_CXX_LANGUAGE_STANDARD = "gnu++20";
				CLANG_ENABLE_MODULES = YES;
				CLANG_ENABLE_OBJC_ARC = YES;
				CLANG_ENABLE_OBJC_WEAK = YES;
				CLANG_WARN_BLOCK_CAPTURE_AUTORELEASING = YES;
				CLANG_WARN_BOOL_CONVERSION = YES;
				CLANG_WARN_COMMA = YES;
				CLANG_WARN_CONSTANT_CONVERSION = YES;
				CLANG_WARN_DEPRECATED_OBJC_IMPLEMENTATIONS = YES;
				CLANG_WARN_DIRECT_OBJC_ISA_USAGE = YES_ERROR;
				CLANG_WARN_DOCUMENTATION_COMMENTS = YES;
				CLANG_WARN_EMPTY_BODY = YES;
				CLANG_WARN_ENUM_CONVERSION = YES;
				CLANG_WARN_INFINITE_RECURSION = YES;
				CLANG_WARN_INT_CONVERSION = YES;
				CLANG_WARN_NON_LITERAL_NULL_CONVERSION = YES;
				CLANG_WARN_OBJC_IMPLICIT_RETAIN_SELF = YES;
				CLANG_WARN_OBJC_LITERAL_CONVERSION = YES;
				CLANG_WARN_OBJC_ROOT_CLASS = YES_ERROR;
				CLANG_WARN_QUOTED_INCLUDE_IN_FRAMEWORK_HEADER = YES;
				CLANG_WARN_RANGE_LOOP_ANALYSIS = YES;
				CLANG_WARN_STRICT_PROTOTYPES = YES;
				CLANG_WARN_SUSPICIOUS_MOVE = YES;
				CLANG_WARN_UNGUARDED_AVAILABILITY = YES_AGGRESSIVE;
				CLANG_WARN_UNREACHABLE_CODE = YES;
				CLANG_WARN__DUPLICATE_METHOD_MATCH = YES;
				COPY_PHASE_STRIP = NO;
				CURRENT_PROJECT_VERSION = 1;
				DEBUG_INFORMATION_FORMAT = dwarf;
				ENABLE_STRICT_OBJC_MSGSEND = YES;
				ENABLE_TESTABILITY = YES;
				GCC_C_LANGUAGE_STANDARD = gnu11;
				GCC_DYNAMIC_NO_PIC = NO;
				GCC_NO_COMMON_BLOCKS = YES;
				GCC_OPTIMIZATION_LEVEL = 0;
				GCC_PREPROCESSOR_DEFINITIONS = (
					"DEBUG=1",
					"$(inherited)",
				);
				GCC_WARN_64_TO_32_BIT_CONVERSION = YES;
				GCC_WARN_ABOUT_RETURN_TYPE = YES_ERROR;
				GCC_WARN_UNDECLARED_SELECTOR = YES;
				GCC_WARN_UNINITIALIZED_AUTOS = YES_AGGRESSIVE;
				GCC_WARN_UNUSED_FUNCTION = YES;
				GCC_WARN_UNUSED_VARIABLE = YES;
				IPHONEOS_DEPLOYMENT_TARGET = 16.4;
				MACOSX_DEPLOYMENT_TARGET = 12.4;
				MTL_ENABLE_DEBUG_INFO = INCLUDE_SOURCE;
				MTL_FAST_MATH = YES;
				ONLY_ACTIVE_ARCH = YES;
				SDKROOT = iphoneos;
				SWIFT_ACTIVE_COMPILATION_CONDITIONS = DEBUG;
				SWIFT_OPTIMIZATION_LEVEL = "-Onone";
				VERSIONING_SYSTEM = "apple-generic";
				VERSION_INFO_PREFIX = "";
			};
			name = Debug;
		};
		DFE60D262AB2155C0028E630 /* Release */ = {
			isa = XCBuildConfiguration;
			buildSettings = {
				ALWAYS_SEARCH_USER_PATHS = NO;
				CLANG_ANALYZER_NONNULL = YES;
				CLANG_ANALYZER_NUMBER_OBJECT_CONVERSION = YES_AGGRESSIVE;
				CLANG_CXX_LANGUAGE_STANDARD = "gnu++20";
				CLANG_ENABLE_MODULES = YES;
				CLANG_ENABLE_OBJC_ARC = YES;
				CLANG_ENABLE_OBJC_WEAK = YES;
				CLANG_WARN_BLOCK_CAPTURE_AUTORELEASING = YES;
				CLANG_WARN_BOOL_CONVERSION = YES;
				CLANG_WARN_COMMA = YES;
				CLANG_WARN_CONSTANT_CONVERSION = YES;
				CLANG_WARN_DEPRECATED_OBJC_IMPLEMENTATIONS = YES;
				CLANG_WARN_DIRECT_OBJC_ISA_USAGE = YES_ERROR;
				CLANG_WARN_DOCUMENTATION_COMMENTS = YES;
				CLANG_WARN_EMPTY_BODY = YES;
				CLANG_WARN_ENUM_CONVERSION = YES;
				CLANG_WARN_INFINITE_RECURSION = YES;
				CLANG_WARN_INT_CONVERSION = YES;
				CLANG_WARN_NON_LITERAL_NULL_CONVERSION = YES;
				CLANG_WARN_OBJC_IMPLICIT_RETAIN_SELF = YES;
				CLANG_WARN_OBJC_LITERAL_CONVERSION = YES;
				CLANG_WARN_OBJC_ROOT_CLASS = YES_ERROR;
				CLANG_WARN_QUOTED_INCLUDE_IN_FRAMEWORK_HEADER = YES;
				CLANG_WARN_RANGE_LOOP_ANALYSIS = YES;
				CLANG_WARN_STRICT_PROTOTYPES = YES;
				CLANG_WARN_SUSPICIOUS_MOVE = YES;
				CLANG_WARN_UNGUARDED_AVAILABILITY = YES_AGGRESSIVE;
				CLANG_WARN_UNREACHABLE_CODE = YES;
				CLANG_WARN__DUPLICATE_METHOD_MATCH = YES;
				COPY_PHASE_STRIP = NO;
				CURRENT_PROJECT_VERSION = 1;
				DEBUG_INFORMATION_FORMAT = "dwarf-with-dsym";
				ENABLE_NS_ASSERTIONS = NO;
				ENABLE_STRICT_OBJC_MSGSEND = YES;
				GCC_C_LANGUAGE_STANDARD = gnu11;
				GCC_NO_COMMON_BLOCKS = YES;
				GCC_WARN_64_TO_32_BIT_CONVERSION = YES;
				GCC_WARN_ABOUT_RETURN_TYPE = YES_ERROR;
				GCC_WARN_UNDECLARED_SELECTOR = YES;
				GCC_WARN_UNINITIALIZED_AUTOS = YES_AGGRESSIVE;
				GCC_WARN_UNUSED_FUNCTION = YES;
				GCC_WARN_UNUSED_VARIABLE = YES;
				IPHONEOS_DEPLOYMENT_TARGET = 16.4;
				MACOSX_DEPLOYMENT_TARGET = 12.4;
				MTL_ENABLE_DEBUG_INFO = NO;
				MTL_FAST_MATH = YES;
				SDKROOT = iphoneos;
				SWIFT_COMPILATION_MODE = wholemodule;
				SWIFT_OPTIMIZATION_LEVEL = "-O";
				VALIDATE_PRODUCT = YES;
				VERSIONING_SYSTEM = "apple-generic";
				VERSION_INFO_PREFIX = "";
			};
			name = Release;
		};
		DFE60D282AB2155C0028E630 /* Debug */ = {
			isa = XCBuildConfiguration;
			buildSettings = {
				CLANG_ENABLE_MODULES = YES;
				CODE_SIGN_STYLE = Automatic;
				CURRENT_PROJECT_VERSION = 1;
				DEFINES_MODULE = YES;
				DEVELOPMENT_TEAM = 2J95SR9C7R;
				DYLIB_COMPATIBILITY_VERSION = 1;
				DYLIB_CURRENT_VERSION = 1;
				DYLIB_INSTALL_NAME_BASE = "@rpath";
				ENABLE_MODULE_VERIFIER = YES;
				GENERATE_INFOPLIST_FILE = YES;
				INFOPLIST_KEY_NSHumanReadableCopyright = "";
				INSTALL_PATH = "$(LOCAL_LIBRARY_DIR)/Frameworks";
				LD_RUNPATH_SEARCH_PATHS = (
					"$(inherited)",
					"@executable_path/Frameworks",
					"@loader_path/Frameworks",
				);
				MACOSX_DEPLOYMENT_TARGET = 12.4;
				MARKETING_VERSION = 1.0;
				MODULE_VERIFIER_SUPPORTED_LANGUAGES = "objective-c objective-c++";
				MODULE_VERIFIER_SUPPORTED_LANGUAGE_STANDARDS = "gnu11 gnu++20";
				PRODUCT_BUNDLE_IDENTIFIER = dev.tungvu.EssentialFeed;
				PRODUCT_NAME = "$(TARGET_NAME:c99extidentifier)";
				SKIP_INSTALL = YES;
				SWIFT_EMIT_LOC_STRINGS = YES;
				SWIFT_OPTIMIZATION_LEVEL = "-Onone";
				SWIFT_VERSION = 5.0;
				TARGETED_DEVICE_FAMILY = "1,2";
			};
			name = Debug;
		};
		DFE60D292AB2155C0028E630 /* Release */ = {
			isa = XCBuildConfiguration;
			buildSettings = {
				CLANG_ENABLE_MODULES = YES;
				CODE_SIGN_STYLE = Automatic;
				CURRENT_PROJECT_VERSION = 1;
				DEFINES_MODULE = YES;
				DEVELOPMENT_TEAM = 2J95SR9C7R;
				DYLIB_COMPATIBILITY_VERSION = 1;
				DYLIB_CURRENT_VERSION = 1;
				DYLIB_INSTALL_NAME_BASE = "@rpath";
				ENABLE_MODULE_VERIFIER = YES;
				GENERATE_INFOPLIST_FILE = YES;
				INFOPLIST_KEY_NSHumanReadableCopyright = "";
				INSTALL_PATH = "$(LOCAL_LIBRARY_DIR)/Frameworks";
				LD_RUNPATH_SEARCH_PATHS = (
					"$(inherited)",
					"@executable_path/Frameworks",
					"@loader_path/Frameworks",
				);
				MACOSX_DEPLOYMENT_TARGET = 12.4;
				MARKETING_VERSION = 1.0;
				MODULE_VERIFIER_SUPPORTED_LANGUAGES = "objective-c objective-c++";
				MODULE_VERIFIER_SUPPORTED_LANGUAGE_STANDARDS = "gnu11 gnu++20";
				PRODUCT_BUNDLE_IDENTIFIER = dev.tungvu.EssentialFeed;
				PRODUCT_NAME = "$(TARGET_NAME:c99extidentifier)";
				SKIP_INSTALL = YES;
				SWIFT_EMIT_LOC_STRINGS = YES;
				SWIFT_VERSION = 5.0;
				TARGETED_DEVICE_FAMILY = "1,2";
			};
			name = Release;
		};
		DFE60D2B2AB2155C0028E630 /* Debug */ = {
			isa = XCBuildConfiguration;
			buildSettings = {
				ALWAYS_EMBED_SWIFT_STANDARD_LIBRARIES = YES;
				CLANG_ENABLE_MODULES = YES;
				CODE_SIGN_STYLE = Automatic;
				CURRENT_PROJECT_VERSION = 1;
				DEVELOPMENT_TEAM = 2J95SR9C7R;
				GENERATE_INFOPLIST_FILE = YES;
				MACOSX_DEPLOYMENT_TARGET = 12.4;
				MARKETING_VERSION = 1.0;
				PRODUCT_BUNDLE_IDENTIFIER = dev.tungvu.EssentialFeedTests;
				PRODUCT_NAME = "$(TARGET_NAME)";
				SWIFT_EMIT_LOC_STRINGS = NO;
				SWIFT_OPTIMIZATION_LEVEL = "-Onone";
				SWIFT_VERSION = 5.0;
				TARGETED_DEVICE_FAMILY = "1,2";
			};
			name = Debug;
		};
		DFE60D2C2AB2155C0028E630 /* Release */ = {
			isa = XCBuildConfiguration;
			buildSettings = {
				ALWAYS_EMBED_SWIFT_STANDARD_LIBRARIES = YES;
				CLANG_ENABLE_MODULES = YES;
				CODE_SIGN_STYLE = Automatic;
				CURRENT_PROJECT_VERSION = 1;
				DEVELOPMENT_TEAM = 2J95SR9C7R;
				GENERATE_INFOPLIST_FILE = YES;
				MACOSX_DEPLOYMENT_TARGET = 12.4;
				MARKETING_VERSION = 1.0;
				PRODUCT_BUNDLE_IDENTIFIER = dev.tungvu.EssentialFeedTests;
				PRODUCT_NAME = "$(TARGET_NAME)";
				SWIFT_EMIT_LOC_STRINGS = NO;
				SWIFT_VERSION = 5.0;
				TARGETED_DEVICE_FAMILY = "1,2";
			};
			name = Release;
		};
/* End XCBuildConfiguration section */

/* Begin XCConfigurationList section */
		DF67D2D12ABAD100002106FF /* Build configuration list for PBXNativeTarget "EssentialFeedAPIEndToEndTests" */ = {
			isa = XCConfigurationList;
			buildConfigurations = (
				DF67D2D22ABAD100002106FF /* Debug */,
				DF67D2D32ABAD100002106FF /* Release */,
			);
			defaultConfigurationIsVisible = 0;
			defaultConfigurationName = Release;
		};
		DFE60D0F2AB2155B0028E630 /* Build configuration list for PBXProject "EssentialFeed" */ = {
			isa = XCConfigurationList;
			buildConfigurations = (
				DFE60D252AB2155C0028E630 /* Debug */,
				DFE60D262AB2155C0028E630 /* Release */,
			);
			defaultConfigurationIsVisible = 0;
			defaultConfigurationName = Release;
		};
		DFE60D272AB2155C0028E630 /* Build configuration list for PBXNativeTarget "EssentialFeed" */ = {
			isa = XCConfigurationList;
			buildConfigurations = (
				DFE60D282AB2155C0028E630 /* Debug */,
				DFE60D292AB2155C0028E630 /* Release */,
			);
			defaultConfigurationIsVisible = 0;
			defaultConfigurationName = Release;
		};
		DFE60D2A2AB2155C0028E630 /* Build configuration list for PBXNativeTarget "EssentialFeedTests" */ = {
			isa = XCConfigurationList;
			buildConfigurations = (
				DFE60D2B2AB2155C0028E630 /* Debug */,
				DFE60D2C2AB2155C0028E630 /* Release */,
			);
			defaultConfigurationIsVisible = 0;
			defaultConfigurationName = Release;
		};
/* End XCConfigurationList section */
	};
	rootObject = DFE60D0C2AB2155B0028E630 /* Project object */;
}
